// !$*UTF8*$!
{
	archiveVersion = 1;
	classes = {
	};
	objectVersion = 46;
	objects = {

/* Begin PBXBuildFile section */
		5703D74C20ACBCBD007E1800 /* drw_ext_gpc.h in Headers */ = {isa = PBXBuildFile; fileRef = 5703D74A20ACBCBD007E1800 /* drw_ext_gpc.h */; };
		5703D74D20ACBCBD007E1800 /* drw_ext_gpc.c in Sources */ = {isa = PBXBuildFile; fileRef = 5703D74B20ACBCBD007E1800 /* drw_ext_gpc.c */; };
		5703DBA020ACBD5C007E1800 /* gpc.c in Sources */ = {isa = PBXBuildFile; fileRef = 5703DB1920ACBD5C007E1800 /* gpc.c */; };
		5703DBA120ACBD5C007E1800 /* gpc.h in Headers */ = {isa = PBXBuildFile; fileRef = 5703DB1A20ACBD5C007E1800 /* gpc.h */; };
		5741595F20D4221100E5498B /* drw_render.h in Headers */ = {isa = PBXBuildFile; fileRef = 5741595E20D4221100E5498B /* drw_render.h */; };
		5767C01320DC64870022A676 /* drw_snoop.c in Sources */ = {isa = PBXBuildFile; fileRef = 5767C01120DC64870022A676 /* drw_snoop.c */; };
		5767C01420DC64870022A676 /* drw_snoop.h in Headers */ = {isa = PBXBuildFile; fileRef = 5767C01220DC64870022A676 /* drw_snoop.h */; };
		577858CC20B3661E00218129 /* vector.c in Sources */ = {isa = PBXBuildFile; fileRef = 577858CA20B3661E00218129 /* vector.c */; };
		577858CD20B3661E00218129 /* vector.h in Headers */ = {isa = PBXBuildFile; fileRef = 577858CB20B3661E00218129 /* vector.h */; };
		577DD21620D3546E00623919 /* drw_render_gl.h in Headers */ = {isa = PBXBuildFile; fileRef = 577DD21420D3546E00623919 /* drw_render_gl.h */; };
		577DD21720D3546E00623919 /* drw_render.c in Sources */ = {isa = PBXBuildFile; fileRef = 577DD21520D3546E00623919 /* drw_render.c */; };
		577DD21B20D3548D00623919 /* drw_render_gl.c in Sources */ = {isa = PBXBuildFile; fileRef = 577DD21920D3548D00623919 /* drw_render_gl.c */; };
		57939B2521BF56C500F74BF4 /* drw_type_ftgl.h in Headers */ = {isa = PBXBuildFile; fileRef = 57939B1921BF56C400F74BF4 /* drw_type_ftgl.h */; };
		57939B2621BF56C500F74BF4 /* drw_type_hershey.h in Headers */ = {isa = PBXBuildFile; fileRef = 57939B1A21BF56C500F74BF4 /* drw_type_hershey.h */; };
		57939B2721BF56C500F74BF4 /* drw_type_asteroids.h in Headers */ = {isa = PBXBuildFile; fileRef = 57939B1B21BF56C500F74BF4 /* drw_type_asteroids.h */; };
		57939B2821BF56C500F74BF4 /* drw_type.c in Sources */ = {isa = PBXBuildFile; fileRef = 57939B1C21BF56C500F74BF4 /* drw_type.c */; };
		57939B2921BF56C500F74BF4 /* drw_type_ftgl.c in Sources */ = {isa = PBXBuildFile; fileRef = 57939B1D21BF56C500F74BF4 /* drw_type_ftgl.c */; };
		57939B2A21BF56C500F74BF4 /* drw_type_ftgles.h in Headers */ = {isa = PBXBuildFile; fileRef = 57939B1E21BF56C500F74BF4 /* drw_type_ftgles.h */; };
		57939B2B21BF56C500F74BF4 /* drw_type_hpvec.c in Sources */ = {isa = PBXBuildFile; fileRef = 57939B1F21BF56C500F74BF4 /* drw_type_hpvec.c */; };
		57939B2C21BF56C500F74BF4 /* drw_type_ftgles.cpp in Sources */ = {isa = PBXBuildFile; fileRef = 57939B2021BF56C500F74BF4 /* drw_type_ftgles.cpp */; };
		57939B2D21BF56C500F74BF4 /* drw_type_hershey.c in Sources */ = {isa = PBXBuildFile; fileRef = 57939B2121BF56C500F74BF4 /* drw_type_hershey.c */; };
		57939B2E21BF56C500F74BF4 /* drw_type_hpvec.h in Headers */ = {isa = PBXBuildFile; fileRef = 57939B2221BF56C500F74BF4 /* drw_type_hpvec.h */; };
		57939B2F21BF56C500F74BF4 /* drw_type.h in Headers */ = {isa = PBXBuildFile; fileRef = 57939B2321BF56C500F74BF4 /* drw_type.h */; };
		57939B3021BF56C500F74BF4 /* drw_type_asteroids.c in Sources */ = {isa = PBXBuildFile; fileRef = 57939B2421BF56C500F74BF4 /* drw_type_asteroids.c */; };
		57939B3B21BF584B00F74BF4 /* drw_log.h in Headers */ = {isa = PBXBuildFile; fileRef = 57939B3921BF584B00F74BF4 /* drw_log.h */; };
		57939B3C21BF584B00F74BF4 /* drw_log.c in Sources */ = {isa = PBXBuildFile; fileRef = 57939B3A21BF584B00F74BF4 /* drw_log.c */; };
		57967B6120D17B3000003F66 /* drw_export.h in Headers */ = {isa = PBXBuildFile; fileRef = 57967B5F20D17B3000003F66 /* drw_export.h */; };
		57967B6220D17B3000003F66 /* drw_export.c in Sources */ = {isa = PBXBuildFile; fileRef = 57967B6020D17B3000003F66 /* drw_export.c */; };
		57A807F922CBFDE600E81EEB /* asteroids_font.c in Sources */ = {isa = PBXBuildFile; fileRef = 57A807D222CBFDE500E81EEB /* asteroids_font.c */; };
		57A807FA22CBFDE600E81EEB /* hershey_font.c in Sources */ = {isa = PBXBuildFile; fileRef = 57A807D322CBFDE500E81EEB /* hershey_font.c */; };
		57A807FB22CBFDE600E81EEB /* asteroids_font.h in Headers */ = {isa = PBXBuildFile; fileRef = 57A807D422CBFDE500E81EEB /* asteroids_font.h */; };
		57A807FC22CBFDE600E81EEB /* music.h in Headers */ = {isa = PBXBuildFile; fileRef = 57A807D622CBFDE500E81EEB /* music.h */; };
		57A807FD22CBFDE600E81EEB /* gothitt.h in Headers */ = {isa = PBXBuildFile; fileRef = 57A807D722CBFDE500E81EEB /* gothitt.h */; };
		57A807FE22CBFDE600E81EEB /* futuram.h in Headers */ = {isa = PBXBuildFile; fileRef = 57A807D822CBFDE500E81EEB /* futuram.h */; };
		57A807FF22CBFDE600E81EEB /* gothgrt.h in Headers */ = {isa = PBXBuildFile; fileRef = 57A807D922CBFDE500E81EEB /* gothgrt.h */; };
		57A8080022CBFDE600E81EEB /* japanese.h in Headers */ = {isa = PBXBuildFile; fileRef = 57A807DA22CBFDE500E81EEB /* japanese.h */; };
		57A8080122CBFDE600E81EEB /* timesib.h in Headers */ = {isa = PBXBuildFile; fileRef = 57A807DB22CBFDE500E81EEB /* timesib.h */; };
		57A8080222CBFDE600E81EEB /* scriptc.h in Headers */ = {isa = PBXBuildFile; fileRef = 57A807DC22CBFDE500E81EEB /* scriptc.h */; };
		57A8080322CBFDE600E81EEB /* rowmand.h in Headers */ = {isa = PBXBuildFile; fileRef = 57A807DD22CBFDE500E81EEB /* rowmand.h */; };
		57A8080522CBFDE600E81EEB /* gothiceng.h in Headers */ = {isa = PBXBuildFile; fileRef = 57A807DF22CBFDE500E81EEB /* gothiceng.h */; };
		57A8080622CBFDE600E81EEB /* meteorology.h in Headers */ = {isa = PBXBuildFile; fileRef = 57A807E022CBFDE500E81EEB /* meteorology.h */; };
		57A8080722CBFDE600E81EEB /* gothicger.h in Headers */ = {isa = PBXBuildFile; fileRef = 57A807E122CBFDE500E81EEB /* gothicger.h */; };
		57A8080822CBFDE600E81EEB /* greeks.h in Headers */ = {isa = PBXBuildFile; fileRef = 57A807E222CBFDE500E81EEB /* greeks.h */; };
		57A8080922CBFDE600E81EEB /* timesg.h in Headers */ = {isa = PBXBuildFile; fileRef = 57A807E322CBFDE500E81EEB /* timesg.h */; };
		57A8080A22CBFDE600E81EEB /* timesi.h in Headers */ = {isa = PBXBuildFile; fileRef = 57A807E422CBFDE500E81EEB /* timesi.h */; };
		57A8080B22CBFDE600E81EEB /* scripts.h in Headers */ = {isa = PBXBuildFile; fileRef = 57A807E522CBFDE500E81EEB /* scripts.h */; };
		57A8080C22CBFDE600E81EEB /* rowmans.h in Headers */ = {isa = PBXBuildFile; fileRef = 57A807E622CBFDE500E81EEB /* rowmans.h */; };
		57A8080D22CBFDE600E81EEB /* symbolic.h in Headers */ = {isa = PBXBuildFile; fileRef = 57A807E722CBFDE500E81EEB /* symbolic.h */; };
		57A8080E22CBFDE600E81EEB /* mathupp.h in Headers */ = {isa = PBXBuildFile; fileRef = 57A807E822CBFDE500E81EEB /* mathupp.h */; };
		57A8080F22CBFDE600E81EEB /* greek.h in Headers */ = {isa = PBXBuildFile; fileRef = 57A807E922CBFDE500E81EEB /* greek.h */; };
		57A8081022CBFDE600E81EEB /* gothgbt.h in Headers */ = {isa = PBXBuildFile; fileRef = 57A807EA22CBFDE500E81EEB /* gothgbt.h */; };
		57A8081122CBFDE600E81EEB /* cursive.h in Headers */ = {isa = PBXBuildFile; fileRef = 57A807EB22CBFDE500E81EEB /* cursive.h */; };
		57A8081222CBFDE600E81EEB /* timesrb.h in Headers */ = {isa = PBXBuildFile; fileRef = 57A807EC22CBFDE500E81EEB /* timesrb.h */; };
		57A8081322CBFDE600E81EEB /* markers.h in Headers */ = {isa = PBXBuildFile; fileRef = 57A807ED22CBFDE500E81EEB /* markers.h */; };
		57A8081422CBFDE600E81EEB /* cyrilc_1.h in Headers */ = {isa = PBXBuildFile; fileRef = 57A807EE22CBFDE500E81EEB /* cyrilc_1.h */; };
		57A8081522CBFDE600E81EEB /* gothicita.h in Headers */ = {isa = PBXBuildFile; fileRef = 57A807EF22CBFDE500E81EEB /* gothicita.h */; };
		57A8081622CBFDE600E81EEB /* greekc.h in Headers */ = {isa = PBXBuildFile; fileRef = 57A807F022CBFDE500E81EEB /* greekc.h */; };
		57A8081722CBFDE600E81EEB /* futural.h in Headers */ = {isa = PBXBuildFile; fileRef = 57A807F122CBFDE500E81EEB /* futural.h */; };
		57A8081822CBFDE600E81EEB /* cyrillic.h in Headers */ = {isa = PBXBuildFile; fileRef = 57A807F222CBFDE500E81EEB /* cyrillic.h */; };
		57A8081922CBFDE600E81EEB /* mathlow.h in Headers */ = {isa = PBXBuildFile; fileRef = 57A807F322CBFDE500E81EEB /* mathlow.h */; };
		57A8081A22CBFDE600E81EEB /* astrology.h in Headers */ = {isa = PBXBuildFile; fileRef = 57A807F422CBFDE500E81EEB /* astrology.h */; };
		57A8081B22CBFDE600E81EEB /* rowmant.h in Headers */ = {isa = PBXBuildFile; fileRef = 57A807F522CBFDE500E81EEB /* rowmant.h */; };
		57A8081C22CBFDE600E81EEB /* timesr.h in Headers */ = {isa = PBXBuildFile; fileRef = 57A807F722CBFDE500E81EEB /* timesr.h */; };
		57A8081D22CBFDE600E81EEB /* hershey_font.h in Headers */ = {isa = PBXBuildFile; fileRef = 57A807F822CBFDE500E81EEB /* hershey_font.h */; };
		57BDF7E620AC7CD1004C154E /* drw_wobject_ops.h in Headers */ = {isa = PBXBuildFile; fileRef = 57BDF7D420AC7CD1004C154E /* drw_wobject_ops.h */; };
		57BDF7E720AC7CD1004C154E /* drw_point.c in Sources */ = {isa = PBXBuildFile; fileRef = 57BDF7D520AC7CD1004C154E /* drw_point.c */; };
		57BDF7ED20AC7CD1004C154E /* drw_primitives.h in Headers */ = {isa = PBXBuildFile; fileRef = 57BDF7DB20AC7CD1004C154E /* drw_primitives.h */; };
		57BDF7EE20AC7CD1004C154E /* drw_wobject_ops.c in Sources */ = {isa = PBXBuildFile; fileRef = 57BDF7DC20AC7CD1004C154E /* drw_wobject_ops.c */; };
		57BDF7F220AC7CD1004C154E /* drw_point.h in Headers */ = {isa = PBXBuildFile; fileRef = 57BDF7E020AC7CD1004C154E /* drw_point.h */; };
		57BDF7F420AC7CD1004C154E /* drw_primitives.c in Sources */ = {isa = PBXBuildFile; fileRef = 57BDF7E220AC7CD1004C154E /* drw_primitives.c */; };
		57BDF80920ACA86A004C154E /* drw_platform.h in Headers */ = {isa = PBXBuildFile; fileRef = 57BDF80820ACA86A004C154E /* drw_platform.h */; };
		57E6659920F2CB54006E5BB2 /* drw.c in Sources */ = {isa = PBXBuildFile; fileRef = 57E6659820F2CB54006E5BB2 /* drw.c */; };
/* End PBXBuildFile section */

/* Begin PBXFileReference section */
		5703D74A20ACBCBD007E1800 /* drw_ext_gpc.h */ = {isa = PBXFileReference; lastKnownFileType = sourcecode.c.h; path = drw_ext_gpc.h; sourceTree = "<group>"; };
		5703D74B20ACBCBD007E1800 /* drw_ext_gpc.c */ = {isa = PBXFileReference; lastKnownFileType = sourcecode.c.c; path = drw_ext_gpc.c; sourceTree = "<group>"; };
		5703DB1920ACBD5C007E1800 /* gpc.c */ = {isa = PBXFileReference; fileEncoding = 4; lastKnownFileType = sourcecode.c.c; path = gpc.c; sourceTree = "<group>"; };
		5703DB1A20ACBD5C007E1800 /* gpc.h */ = {isa = PBXFileReference; fileEncoding = 4; lastKnownFileType = sourcecode.c.h; path = gpc.h; sourceTree = "<group>"; };
		5720784722A0956300D5FE82 /* Header.h */ = {isa = PBXFileReference; lastKnownFileType = sourcecode.c.h; path = Header.h; sourceTree = "<group>"; };
		5720784822A0957300D5FE82 /* drw_hacks.h */ = {isa = PBXFileReference; lastKnownFileType = sourcecode.c.h; path = drw_hacks.h; sourceTree = "<group>"; };
		5741595E20D4221100E5498B /* drw_render.h */ = {isa = PBXFileReference; fileEncoding = 4; lastKnownFileType = sourcecode.c.h; path = drw_render.h; sourceTree = "<group>"; };
		5767C01120DC64870022A676 /* drw_snoop.c */ = {isa = PBXFileReference; fileEncoding = 4; lastKnownFileType = sourcecode.c.c; path = drw_snoop.c; sourceTree = "<group>"; };
		5767C01220DC64870022A676 /* drw_snoop.h */ = {isa = PBXFileReference; fileEncoding = 4; lastKnownFileType = sourcecode.c.h; path = drw_snoop.h; sourceTree = "<group>"; };
		577858CA20B3661E00218129 /* vector.c */ = {isa = PBXFileReference; fileEncoding = 4; lastKnownFileType = sourcecode.c.c; path = vector.c; sourceTree = "<group>"; };
		577858CB20B3661E00218129 /* vector.h */ = {isa = PBXFileReference; fileEncoding = 4; lastKnownFileType = sourcecode.c.h; path = vector.h; sourceTree = "<group>"; };
		577DD21420D3546E00623919 /* drw_render_gl.h */ = {isa = PBXFileReference; lastKnownFileType = sourcecode.c.h; path = drw_render_gl.h; sourceTree = "<group>"; };
		577DD21520D3546E00623919 /* drw_render.c */ = {isa = PBXFileReference; lastKnownFileType = sourcecode.c.c; path = drw_render.c; sourceTree = "<group>"; };
		577DD21920D3548D00623919 /* drw_render_gl.c */ = {isa = PBXFileReference; fileEncoding = 4; lastKnownFileType = sourcecode.c.c; path = drw_render_gl.c; sourceTree = "<group>"; };
		57939B1921BF56C400F74BF4 /* drw_type_ftgl.h */ = {isa = PBXFileReference; fileEncoding = 4; lastKnownFileType = sourcecode.c.h; path = drw_type_ftgl.h; sourceTree = "<group>"; };
		57939B1A21BF56C500F74BF4 /* drw_type_hershey.h */ = {isa = PBXFileReference; fileEncoding = 4; lastKnownFileType = sourcecode.c.h; path = drw_type_hershey.h; sourceTree = "<group>"; };
		57939B1B21BF56C500F74BF4 /* drw_type_asteroids.h */ = {isa = PBXFileReference; fileEncoding = 4; lastKnownFileType = sourcecode.c.h; path = drw_type_asteroids.h; sourceTree = "<group>"; };
		57939B1C21BF56C500F74BF4 /* drw_type.c */ = {isa = PBXFileReference; fileEncoding = 4; lastKnownFileType = sourcecode.c.c; path = drw_type.c; sourceTree = "<group>"; };
		57939B1D21BF56C500F74BF4 /* drw_type_ftgl.c */ = {isa = PBXFileReference; fileEncoding = 4; lastKnownFileType = sourcecode.c.c; path = drw_type_ftgl.c; sourceTree = "<group>"; };
		57939B1E21BF56C500F74BF4 /* drw_type_ftgles.h */ = {isa = PBXFileReference; fileEncoding = 4; lastKnownFileType = sourcecode.c.h; path = drw_type_ftgles.h; sourceTree = "<group>"; };
		57939B1F21BF56C500F74BF4 /* drw_type_hpvec.c */ = {isa = PBXFileReference; fileEncoding = 4; lastKnownFileType = sourcecode.c.c; path = drw_type_hpvec.c; sourceTree = "<group>"; };
		57939B2021BF56C500F74BF4 /* drw_type_ftgles.cpp */ = {isa = PBXFileReference; fileEncoding = 4; lastKnownFileType = sourcecode.cpp.cpp; path = drw_type_ftgles.cpp; sourceTree = "<group>"; };
		57939B2121BF56C500F74BF4 /* drw_type_hershey.c */ = {isa = PBXFileReference; fileEncoding = 4; lastKnownFileType = sourcecode.c.c; path = drw_type_hershey.c; sourceTree = "<group>"; };
		57939B2221BF56C500F74BF4 /* drw_type_hpvec.h */ = {isa = PBXFileReference; fileEncoding = 4; lastKnownFileType = sourcecode.c.h; path = drw_type_hpvec.h; sourceTree = "<group>"; };
		57939B2321BF56C500F74BF4 /* drw_type.h */ = {isa = PBXFileReference; fileEncoding = 4; lastKnownFileType = sourcecode.c.h; path = drw_type.h; sourceTree = "<group>"; };
		57939B2421BF56C500F74BF4 /* drw_type_asteroids.c */ = {isa = PBXFileReference; fileEncoding = 4; lastKnownFileType = sourcecode.c.c; path = drw_type_asteroids.c; sourceTree = "<group>"; };
		57939B3921BF584B00F74BF4 /* drw_log.h */ = {isa = PBXFileReference; fileEncoding = 4; lastKnownFileType = sourcecode.c.h; path = drw_log.h; sourceTree = "<group>"; };
		57939B3A21BF584B00F74BF4 /* drw_log.c */ = {isa = PBXFileReference; fileEncoding = 4; lastKnownFileType = sourcecode.c.c; path = drw_log.c; sourceTree = "<group>"; };
		57967B5F20D17B3000003F66 /* drw_export.h */ = {isa = PBXFileReference; lastKnownFileType = sourcecode.c.h; path = drw_export.h; sourceTree = "<group>"; };
		57967B6020D17B3000003F66 /* drw_export.c */ = {isa = PBXFileReference; lastKnownFileType = sourcecode.c.c; path = drw_export.c; sourceTree = "<group>"; };
		57A807D222CBFDE500E81EEB /* asteroids_font.c */ = {isa = PBXFileReference; fileEncoding = 4; lastKnownFileType = sourcecode.c.c; path = asteroids_font.c; sourceTree = "<group>"; };
		57A807D322CBFDE500E81EEB /* hershey_font.c */ = {isa = PBXFileReference; fileEncoding = 4; lastKnownFileType = sourcecode.c.c; path = hershey_font.c; sourceTree = "<group>"; };
		57A807D422CBFDE500E81EEB /* asteroids_font.h */ = {isa = PBXFileReference; fileEncoding = 4; lastKnownFileType = sourcecode.c.h; path = asteroids_font.h; sourceTree = "<group>"; };
		57A807D622CBFDE500E81EEB /* music.h */ = {isa = PBXFileReference; fileEncoding = 4; lastKnownFileType = sourcecode.c.h; path = music.h; sourceTree = "<group>"; };
		57A807D722CBFDE500E81EEB /* gothitt.h */ = {isa = PBXFileReference; fileEncoding = 4; lastKnownFileType = sourcecode.c.h; path = gothitt.h; sourceTree = "<group>"; };
		57A807D822CBFDE500E81EEB /* futuram.h */ = {isa = PBXFileReference; fileEncoding = 4; lastKnownFileType = sourcecode.c.h; path = futuram.h; sourceTree = "<group>"; };
		57A807D922CBFDE500E81EEB /* gothgrt.h */ = {isa = PBXFileReference; fileEncoding = 4; lastKnownFileType = sourcecode.c.h; path = gothgrt.h; sourceTree = "<group>"; };
		57A807DA22CBFDE500E81EEB /* japanese.h */ = {isa = PBXFileReference; fileEncoding = 4; lastKnownFileType = sourcecode.c.h; path = japanese.h; sourceTree = "<group>"; };
		57A807DB22CBFDE500E81EEB /* timesib.h */ = {isa = PBXFileReference; fileEncoding = 4; lastKnownFileType = sourcecode.c.h; path = timesib.h; sourceTree = "<group>"; };
		57A807DC22CBFDE500E81EEB /* scriptc.h */ = {isa = PBXFileReference; fileEncoding = 4; lastKnownFileType = sourcecode.c.h; path = scriptc.h; sourceTree = "<group>"; };
		57A807DD22CBFDE500E81EEB /* rowmand.h */ = {isa = PBXFileReference; fileEncoding = 4; lastKnownFileType = sourcecode.c.h; path = rowmand.h; sourceTree = "<group>"; };
		57A807DF22CBFDE500E81EEB /* gothiceng.h */ = {isa = PBXFileReference; fileEncoding = 4; lastKnownFileType = sourcecode.c.h; path = gothiceng.h; sourceTree = "<group>"; };
		57A807E022CBFDE500E81EEB /* meteorology.h */ = {isa = PBXFileReference; fileEncoding = 4; lastKnownFileType = sourcecode.c.h; path = meteorology.h; sourceTree = "<group>"; };
		57A807E122CBFDE500E81EEB /* gothicger.h */ = {isa = PBXFileReference; fileEncoding = 4; lastKnownFileType = sourcecode.c.h; path = gothicger.h; sourceTree = "<group>"; };
		57A807E222CBFDE500E81EEB /* greeks.h */ = {isa = PBXFileReference; fileEncoding = 4; lastKnownFileType = sourcecode.c.h; path = greeks.h; sourceTree = "<group>"; };
		57A807E322CBFDE500E81EEB /* timesg.h */ = {isa = PBXFileReference; fileEncoding = 4; lastKnownFileType = sourcecode.c.h; path = timesg.h; sourceTree = "<group>"; };
		57A807E422CBFDE500E81EEB /* timesi.h */ = {isa = PBXFileReference; fileEncoding = 4; lastKnownFileType = sourcecode.c.h; path = timesi.h; sourceTree = "<group>"; };
		57A807E522CBFDE500E81EEB /* scripts.h */ = {isa = PBXFileReference; fileEncoding = 4; lastKnownFileType = sourcecode.c.h; path = scripts.h; sourceTree = "<group>"; };
		57A807E622CBFDE500E81EEB /* rowmans.h */ = {isa = PBXFileReference; fileEncoding = 4; lastKnownFileType = sourcecode.c.h; path = rowmans.h; sourceTree = "<group>"; };
		57A807E722CBFDE500E81EEB /* symbolic.h */ = {isa = PBXFileReference; fileEncoding = 4; lastKnownFileType = sourcecode.c.h; path = symbolic.h; sourceTree = "<group>"; };
		57A807E822CBFDE500E81EEB /* mathupp.h */ = {isa = PBXFileReference; fileEncoding = 4; lastKnownFileType = sourcecode.c.h; path = mathupp.h; sourceTree = "<group>"; };
		57A807E922CBFDE500E81EEB /* greek.h */ = {isa = PBXFileReference; fileEncoding = 4; lastKnownFileType = sourcecode.c.h; path = greek.h; sourceTree = "<group>"; };
		57A807EA22CBFDE500E81EEB /* gothgbt.h */ = {isa = PBXFileReference; fileEncoding = 4; lastKnownFileType = sourcecode.c.h; path = gothgbt.h; sourceTree = "<group>"; };
		57A807EB22CBFDE500E81EEB /* cursive.h */ = {isa = PBXFileReference; fileEncoding = 4; lastKnownFileType = sourcecode.c.h; path = cursive.h; sourceTree = "<group>"; };
		57A807EC22CBFDE500E81EEB /* timesrb.h */ = {isa = PBXFileReference; fileEncoding = 4; lastKnownFileType = sourcecode.c.h; path = timesrb.h; sourceTree = "<group>"; };
		57A807ED22CBFDE500E81EEB /* markers.h */ = {isa = PBXFileReference; fileEncoding = 4; lastKnownFileType = sourcecode.c.h; path = markers.h; sourceTree = "<group>"; };
		57A807EE22CBFDE500E81EEB /* cyrilc_1.h */ = {isa = PBXFileReference; fileEncoding = 4; lastKnownFileType = sourcecode.c.h; path = cyrilc_1.h; sourceTree = "<group>"; };
		57A807EF22CBFDE500E81EEB /* gothicita.h */ = {isa = PBXFileReference; fileEncoding = 4; lastKnownFileType = sourcecode.c.h; path = gothicita.h; sourceTree = "<group>"; };
		57A807F022CBFDE500E81EEB /* greekc.h */ = {isa = PBXFileReference; fileEncoding = 4; lastKnownFileType = sourcecode.c.h; path = greekc.h; sourceTree = "<group>"; };
		57A807F122CBFDE500E81EEB /* futural.h */ = {isa = PBXFileReference; fileEncoding = 4; lastKnownFileType = sourcecode.c.h; path = futural.h; sourceTree = "<group>"; };
		57A807F222CBFDE500E81EEB /* cyrillic.h */ = {isa = PBXFileReference; fileEncoding = 4; lastKnownFileType = sourcecode.c.h; path = cyrillic.h; sourceTree = "<group>"; };
		57A807F322CBFDE500E81EEB /* mathlow.h */ = {isa = PBXFileReference; fileEncoding = 4; lastKnownFileType = sourcecode.c.h; path = mathlow.h; sourceTree = "<group>"; };
		57A807F422CBFDE500E81EEB /* astrology.h */ = {isa = PBXFileReference; fileEncoding = 4; lastKnownFileType = sourcecode.c.h; path = astrology.h; sourceTree = "<group>"; };
		57A807F522CBFDE500E81EEB /* rowmant.h */ = {isa = PBXFileReference; fileEncoding = 4; lastKnownFileType = sourcecode.c.h; path = rowmant.h; sourceTree = "<group>"; };
		57A807F622CBFDE500E81EEB /* hershey.txt */ = {isa = PBXFileReference; fileEncoding = 4; lastKnownFileType = text; path = hershey.txt; sourceTree = "<group>"; };
		57A807F722CBFDE500E81EEB /* timesr.h */ = {isa = PBXFileReference; fileEncoding = 4; lastKnownFileType = sourcecode.c.h; path = timesr.h; sourceTree = "<group>"; };
		57A807F822CBFDE500E81EEB /* hershey_font.h */ = {isa = PBXFileReference; fileEncoding = 4; lastKnownFileType = sourcecode.c.h; path = hershey_font.h; sourceTree = "<group>"; };
		57BDF7D420AC7CD1004C154E /* drw_wobject_ops.h */ = {isa = PBXFileReference; fileEncoding = 4; lastKnownFileType = sourcecode.c.h; path = drw_wobject_ops.h; sourceTree = "<group>"; };
		57BDF7D520AC7CD1004C154E /* drw_point.c */ = {isa = PBXFileReference; fileEncoding = 4; lastKnownFileType = sourcecode.c.c; path = drw_point.c; sourceTree = "<group>"; };
		57BDF7DB20AC7CD1004C154E /* drw_primitives.h */ = {isa = PBXFileReference; fileEncoding = 4; lastKnownFileType = sourcecode.c.h; path = drw_primitives.h; sourceTree = "<group>"; };
		57BDF7DC20AC7CD1004C154E /* drw_wobject_ops.c */ = {isa = PBXFileReference; fileEncoding = 4; lastKnownFileType = sourcecode.c.c; path = drw_wobject_ops.c; sourceTree = "<group>"; };
		57BDF7E020AC7CD1004C154E /* drw_point.h */ = {isa = PBXFileReference; fileEncoding = 4; lastKnownFileType = sourcecode.c.h; path = drw_point.h; sourceTree = "<group>"; };
		57BDF7E220AC7CD1004C154E /* drw_primitives.c */ = {isa = PBXFileReference; fileEncoding = 4; lastKnownFileType = sourcecode.c.c; path = drw_primitives.c; sourceTree = "<group>"; };
		57BDF80820ACA86A004C154E /* drw_platform.h */ = {isa = PBXFileReference; fileEncoding = 4; lastKnownFileType = sourcecode.c.h; path = drw_platform.h; sourceTree = "<group>"; };
		57BDF80A20ACA91E004C154E /* drw_config.h */ = {isa = PBXFileReference; lastKnownFileType = sourcecode.c.h; path = drw_config.h; sourceTree = "<group>"; };
		57E6659820F2CB54006E5BB2 /* drw.c */ = {isa = PBXFileReference; fileEncoding = 4; lastKnownFileType = sourcecode.c.c; name = drw.c; path = ../drw.c; sourceTree = "<group>"; };
		D1A8335B1E99AD2C009AA5D2 /* libdrw.a */ = {isa = PBXFileReference; explicitFileType = archive.ar; includeInIndex = 0; path = libdrw.a; sourceTree = BUILT_PRODUCTS_DIR; };
		D1A8368D1E99AEF3009AA5D2 /* libdrw.dylib */ = {isa = PBXFileReference; explicitFileType = "compiled.mach-o.dylib"; includeInIndex = 0; path = libdrw.dylib; sourceTree = BUILT_PRODUCTS_DIR; };
		D1AA9AB91EA00E1A00675C3A /* drw.h */ = {isa = PBXFileReference; lastKnownFileType = sourcecode.c.h; name = drw.h; path = ../drw.h; sourceTree = "<group>"; };
/* End PBXFileReference section */

/* Begin PBXFrameworksBuildPhase section */
		D1A833581E99AD2C009AA5D2 /* Frameworks */ = {
			isa = PBXFrameworksBuildPhase;
			buildActionMask = 2147483647;
			files = (
			);
			runOnlyForDeploymentPostprocessing = 0;
		};
		D1A8368A1E99AEF3009AA5D2 /* Frameworks */ = {
			isa = PBXFrameworksBuildPhase;
			buildActionMask = 2147483647;
			files = (
			);
			runOnlyForDeploymentPostprocessing = 0;
		};
/* End PBXFrameworksBuildPhase section */

/* Begin PBXGroup section */
		5703D74920ACBCB1007E1800 /* ext */ = {
			isa = PBXGroup;
			children = (
				5703D74A20ACBCBD007E1800 /* drw_ext_gpc.h */,
				5703D74B20ACBCBD007E1800 /* drw_ext_gpc.c */,
			);
			path = ext;
			sourceTree = "<group>";
		};
		5703DAAC20ACBD5C007E1800 /* deps */ = {
			isa = PBXGroup;
			children = (
				577858C920B3661E00218129 /* vector */,
				5703DB1820ACBD5C007E1800 /* gpc */,
			);
			name = deps;
			path = ../../../contrib/deps;
			sourceTree = "<group>";
		};
		5703DB1820ACBD5C007E1800 /* gpc */ = {
			isa = PBXGroup;
			children = (
				5703DB1920ACBD5C007E1800 /* gpc.c */,
				5703DB1A20ACBD5C007E1800 /* gpc.h */,
			);
			path = gpc;
			sourceTree = "<group>";
		};
		5767C01020DC64870022A676 /* hacks */ = {
			isa = PBXGroup;
			children = (
				5767C01120DC64870022A676 /* drw_snoop.c */,
				5767C01220DC64870022A676 /* drw_snoop.h */,
				5720784722A0956300D5FE82 /* Header.h */,
				5720784822A0957300D5FE82 /* drw_hacks.h */,
			);
			path = hacks;
			sourceTree = "<group>";
		};
		577858C920B3661E00218129 /* vector */ = {
			isa = PBXGroup;
			children = (
				577858CA20B3661E00218129 /* vector.c */,
				577858CB20B3661E00218129 /* vector.h */,
			);
			name = vector;
			path = ../../libs/drw/contrib/deps/vector;
			sourceTree = "<group>";
		};
		57A807D122CBFDE500E81EEB /* fonts */ = {
			isa = PBXGroup;
			children = (
				57A807D222CBFDE500E81EEB /* asteroids_font.c */,
				57A807D322CBFDE500E81EEB /* hershey_font.c */,
				57A807D422CBFDE500E81EEB /* asteroids_font.h */,
				57A807D522CBFDE500E81EEB /* hershey_decon */,
				57A807F822CBFDE500E81EEB /* hershey_font.h */,
			);
			name = fonts;
			path = ../contrib/fonts;
			sourceTree = "<group>";
		};
		57A807D522CBFDE500E81EEB /* hershey_decon */ = {
			isa = PBXGroup;
			children = (
				57A807D622CBFDE500E81EEB /* music.h */,
				57A807D722CBFDE500E81EEB /* gothitt.h */,
				57A807D822CBFDE500E81EEB /* futuram.h */,
				57A807D922CBFDE500E81EEB /* gothgrt.h */,
				57A807DA22CBFDE500E81EEB /* japanese.h */,
				57A807DB22CBFDE500E81EEB /* timesib.h */,
				57A807DC22CBFDE500E81EEB /* scriptc.h */,
				57A807DD22CBFDE500E81EEB /* rowmand.h */,
				57A807DF22CBFDE500E81EEB /* gothiceng.h */,
				57A807E022CBFDE500E81EEB /* meteorology.h */,
				57A807E122CBFDE500E81EEB /* gothicger.h */,
				57A807E222CBFDE500E81EEB /* greeks.h */,
				57A807E322CBFDE500E81EEB /* timesg.h */,
				57A807E422CBFDE500E81EEB /* timesi.h */,
				57A807E522CBFDE500E81EEB /* scripts.h */,
				57A807E622CBFDE500E81EEB /* rowmans.h */,
				57A807E722CBFDE500E81EEB /* symbolic.h */,
				57A807E822CBFDE500E81EEB /* mathupp.h */,
				57A807E922CBFDE500E81EEB /* greek.h */,
				57A807EA22CBFDE500E81EEB /* gothgbt.h */,
				57A807EB22CBFDE500E81EEB /* cursive.h */,
				57A807EC22CBFDE500E81EEB /* timesrb.h */,
				57A807ED22CBFDE500E81EEB /* markers.h */,
				57A807EE22CBFDE500E81EEB /* cyrilc_1.h */,
				57A807EF22CBFDE500E81EEB /* gothicita.h */,
				57A807F022CBFDE500E81EEB /* greekc.h */,
				57A807F122CBFDE500E81EEB /* futural.h */,
				57A807F222CBFDE500E81EEB /* cyrillic.h */,
				57A807F322CBFDE500E81EEB /* mathlow.h */,
				57A807F422CBFDE500E81EEB /* astrology.h */,
				57A807F522CBFDE500E81EEB /* rowmant.h */,
				57A807F622CBFDE500E81EEB /* hershey.txt */,
				57A807F722CBFDE500E81EEB /* timesr.h */,
			);
			path = hershey_decon;
			sourceTree = "<group>";
		};
		57BDF7D220AC7CD1004C154E /* src */ = {
			isa = PBXGroup;
			children = (
				5767C01020DC64870022A676 /* hacks */,
				57939B3A21BF584B00F74BF4 /* drw_log.c */,
				57939B3921BF584B00F74BF4 /* drw_log.h */,
				57BDF80A20ACA91E004C154E /* drw_config.h */,
				57967B6020D17B3000003F66 /* drw_export.c */,
				57967B5F20D17B3000003F66 /* drw_export.h */,
				57BDF80820ACA86A004C154E /* drw_platform.h */,
				57BDF7D520AC7CD1004C154E /* drw_point.c */,
				57BDF7E020AC7CD1004C154E /* drw_point.h */,
				57BDF7E220AC7CD1004C154E /* drw_primitives.c */,
				57BDF7DB20AC7CD1004C154E /* drw_primitives.h */,
				577DD21920D3548D00623919 /* drw_render_gl.c */,
				577DD21420D3546E00623919 /* drw_render_gl.h */,
				577DD21520D3546E00623919 /* drw_render.c */,
				5741595E20D4221100E5498B /* drw_render.h */,
				57BDF7DC20AC7CD1004C154E /* drw_wobject_ops.c */,
				57BDF7D420AC7CD1004C154E /* drw_wobject_ops.h */,
				5703D74920ACBCB1007E1800 /* ext */,
				57BDF80B20ACA9A0004C154E /* type */,
			);
			name = src;
			path = ../src;
			sourceTree = "<group>";
		};
		57BDF80B20ACA9A0004C154E /* type */ = {
			isa = PBXGroup;
			children = (
				57939B2421BF56C500F74BF4 /* drw_type_asteroids.c */,
				57939B1B21BF56C500F74BF4 /* drw_type_asteroids.h */,
				57939B1D21BF56C500F74BF4 /* drw_type_ftgl.c */,
				57939B1921BF56C400F74BF4 /* drw_type_ftgl.h */,
				57939B2021BF56C500F74BF4 /* drw_type_ftgles.cpp */,
				57939B1E21BF56C500F74BF4 /* drw_type_ftgles.h */,
				57939B2121BF56C500F74BF4 /* drw_type_hershey.c */,
				57939B1A21BF56C500F74BF4 /* drw_type_hershey.h */,
				57939B1F21BF56C500F74BF4 /* drw_type_hpvec.c */,
				57939B2221BF56C500F74BF4 /* drw_type_hpvec.h */,
				57939B1C21BF56C500F74BF4 /* drw_type.c */,
				57939B2321BF56C500F74BF4 /* drw_type.h */,
			);
			path = type;
			sourceTree = "<group>";
		};
		D1A833521E99AD2B009AA5D2 = {
			isa = PBXGroup;
			children = (
				57A807D122CBFDE500E81EEB /* fonts */,
				5703DAAC20ACBD5C007E1800 /* deps */,
				57BDF7D220AC7CD1004C154E /* src */,
				57E6659820F2CB54006E5BB2 /* drw.c */,
				D1AA9AB91EA00E1A00675C3A /* drw.h */,
				D1A8335C1E99AD2C009AA5D2 /* Products */,
			);
			sourceTree = "<group>";
		};
		D1A8335C1E99AD2C009AA5D2 /* Products */ = {
			isa = PBXGroup;
			children = (
				D1A8335B1E99AD2C009AA5D2 /* libdrw.a */,
				D1A8368D1E99AEF3009AA5D2 /* libdrw.dylib */,
			);
			name = Products;
			sourceTree = "<group>";
		};
/* End PBXGroup section */

/* Begin PBXHeadersBuildPhase section */
		D1A833591E99AD2C009AA5D2 /* Headers */ = {
			isa = PBXHeadersBuildPhase;
			buildActionMask = 2147483647;
			files = (
				57A8081122CBFDE600E81EEB /* cursive.h in Headers */,
				57A807FD22CBFDE600E81EEB /* gothitt.h in Headers */,
				57A8080E22CBFDE600E81EEB /* mathupp.h in Headers */,
				577DD21620D3546E00623919 /* drw_render_gl.h in Headers */,
				57939B2621BF56C500F74BF4 /* drw_type_hershey.h in Headers */,
				57A8081222CBFDE600E81EEB /* timesrb.h in Headers */,
				57A8081D22CBFDE600E81EEB /* hershey_font.h in Headers */,
				57A8081822CBFDE600E81EEB /* cyrillic.h in Headers */,
				57A8080322CBFDE600E81EEB /* rowmand.h in Headers */,
				57A8080C22CBFDE600E81EEB /* rowmans.h in Headers */,
				57A8081022CBFDE600E81EEB /* gothgbt.h in Headers */,
				57A8080122CBFDE600E81EEB /* timesib.h in Headers */,
				57A8080F22CBFDE600E81EEB /* greek.h in Headers */,
				57A8080D22CBFDE600E81EEB /* symbolic.h in Headers */,
				57BDF7E620AC7CD1004C154E /* drw_wobject_ops.h in Headers */,
				57BDF7F220AC7CD1004C154E /* drw_point.h in Headers */,
				57A8081622CBFDE600E81EEB /* greekc.h in Headers */,
				57A8080922CBFDE600E81EEB /* timesg.h in Headers */,
				57A8081722CBFDE600E81EEB /* futural.h in Headers */,
				57A8081422CBFDE600E81EEB /* cyrilc_1.h in Headers */,
				57939B2F21BF56C500F74BF4 /* drw_type.h in Headers */,
				57939B2521BF56C500F74BF4 /* drw_type_ftgl.h in Headers */,
				5703DBA120ACBD5C007E1800 /* gpc.h in Headers */,
				57A8081322CBFDE600E81EEB /* markers.h in Headers */,
				57A8080B22CBFDE600E81EEB /* scripts.h in Headers */,
				57A8080622CBFDE600E81EEB /* meteorology.h in Headers */,
				57A8080722CBFDE600E81EEB /* gothicger.h in Headers */,
				57A8081A22CBFDE600E81EEB /* astrology.h in Headers */,
				57A8080A22CBFDE600E81EEB /* timesi.h in Headers */,
				57A8081922CBFDE600E81EEB /* mathlow.h in Headers */,
				57939B3B21BF584B00F74BF4 /* drw_log.h in Headers */,
				57BDF80920ACA86A004C154E /* drw_platform.h in Headers */,
				57BDF7ED20AC7CD1004C154E /* drw_primitives.h in Headers */,
				57939B2A21BF56C500F74BF4 /* drw_type_ftgles.h in Headers */,
				57939B2E21BF56C500F74BF4 /* drw_type_hpvec.h in Headers */,
				57A8081522CBFDE600E81EEB /* gothicita.h in Headers */,
				577858CD20B3661E00218129 /* vector.h in Headers */,
				57A8080822CBFDE600E81EEB /* greeks.h in Headers */,
				57967B6120D17B3000003F66 /* drw_export.h in Headers */,
				57A8080022CBFDE600E81EEB /* japanese.h in Headers */,
				5703D74C20ACBCBD007E1800 /* drw_ext_gpc.h in Headers */,
				57A8081C22CBFDE600E81EEB /* timesr.h in Headers */,
				57A807FF22CBFDE600E81EEB /* gothgrt.h in Headers */,
				57A8081B22CBFDE600E81EEB /* rowmant.h in Headers */,
				5741595F20D4221100E5498B /* drw_render.h in Headers */,
				57A807FB22CBFDE600E81EEB /* asteroids_font.h in Headers */,
				57A8080222CBFDE600E81EEB /* scriptc.h in Headers */,
				5767C01420DC64870022A676 /* drw_snoop.h in Headers */,
				57A807FC22CBFDE600E81EEB /* music.h in Headers */,
				57A8080522CBFDE600E81EEB /* gothiceng.h in Headers */,
				57939B2721BF56C500F74BF4 /* drw_type_asteroids.h in Headers */,
				57A807FE22CBFDE600E81EEB /* futuram.h in Headers */,
			);
			runOnlyForDeploymentPostprocessing = 0;
		};
		D1A8368B1E99AEF3009AA5D2 /* Headers */ = {
			isa = PBXHeadersBuildPhase;
			buildActionMask = 2147483647;
			files = (
			);
			runOnlyForDeploymentPostprocessing = 0;
		};
/* End PBXHeadersBuildPhase section */

/* Begin PBXNativeTarget section */
		D1A8335A1E99AD2C009AA5D2 /* drw */ = {
			isa = PBXNativeTarget;
			buildConfigurationList = D1A8335F1E99AD2C009AA5D2 /* Build configuration list for PBXNativeTarget "drw" */;
			buildPhases = (
				D1A833571E99AD2C009AA5D2 /* Sources */,
				D1A833581E99AD2C009AA5D2 /* Frameworks */,
				D1A833591E99AD2C009AA5D2 /* Headers */,
			);
			buildRules = (
			);
			dependencies = (
			);
			name = drw;
			productName = drw;
			productReference = D1A8335B1E99AD2C009AA5D2 /* libdrw.a */;
			productType = "com.apple.product-type.library.static";
		};
		D1A8368C1E99AEF3009AA5D2 /* drw-shared */ = {
			isa = PBXNativeTarget;
			buildConfigurationList = D1A8368E1E99AEF3009AA5D2 /* Build configuration list for PBXNativeTarget "drw-shared" */;
			buildPhases = (
				D1A836891E99AEF3009AA5D2 /* Sources */,
				D1A8368A1E99AEF3009AA5D2 /* Frameworks */,
				D1A8368B1E99AEF3009AA5D2 /* Headers */,
			);
			buildRules = (
			);
			dependencies = (
			);
			name = "drw-shared";
			productName = "drw-shared";
			productReference = D1A8368D1E99AEF3009AA5D2 /* libdrw.dylib */;
			productType = "com.apple.product-type.library.dynamic";
		};
/* End PBXNativeTarget section */

/* Begin PBXProject section */
		D1A833531E99AD2B009AA5D2 /* Project object */ = {
			isa = PBXProject;
			attributes = {
				KnownAssetTags = (
					New,
				);
				LastUpgradeCheck = 1100;
				ORGANIZATIONNAME = ruminant;
				TargetAttributes = {
					D1A8335A1E99AD2C009AA5D2 = {
						CreatedOnToolsVersion = 8.2.1;
						DevelopmentTeam = 42R5XUY266;
						ProvisioningStyle = Automatic;
					};
					D1A8368C1E99AEF3009AA5D2 = {
						CreatedOnToolsVersion = 8.2.1;
						DevelopmentTeam = 42R5XUY266;
						ProvisioningStyle = Automatic;
					};
				};
			};
			buildConfigurationList = D1A833561E99AD2B009AA5D2 /* Build configuration list for PBXProject "drw" */;
			compatibilityVersion = "Xcode 3.2";
			developmentRegion = English;
			hasScannedForEncodings = 0;
			knownRegions = (
				English,
				en,
			);
			mainGroup = D1A833521E99AD2B009AA5D2;
			productRefGroup = D1A8335C1E99AD2C009AA5D2 /* Products */;
			projectDirPath = "";
			projectRoot = "";
			targets = (
				D1A8335A1E99AD2C009AA5D2 /* drw */,
				D1A8368C1E99AEF3009AA5D2 /* drw-shared */,
			);
		};
/* End PBXProject section */

/* Begin PBXSourcesBuildPhase section */
		D1A833571E99AD2C009AA5D2 /* Sources */ = {
			isa = PBXSourcesBuildPhase;
			buildActionMask = 2147483647;
			files = (
				57939B2B21BF56C500F74BF4 /* drw_type_hpvec.c in Sources */,
				57939B3021BF56C500F74BF4 /* drw_type_asteroids.c in Sources */,
				577DD21B20D3548D00623919 /* drw_render_gl.c in Sources */,
				57939B2921BF56C500F74BF4 /* drw_type_ftgl.c in Sources */,
				57BDF7EE20AC7CD1004C154E /* drw_wobject_ops.c in Sources */,
				57A807F922CBFDE600E81EEB /* asteroids_font.c in Sources */,
				57E6659920F2CB54006E5BB2 /* drw.c in Sources */,
				57967B6220D17B3000003F66 /* drw_export.c in Sources */,
				5703DBA020ACBD5C007E1800 /* gpc.c in Sources */,
				57A807FA22CBFDE600E81EEB /* hershey_font.c in Sources */,
				57939B2821BF56C500F74BF4 /* drw_type.c in Sources */,
				57939B2D21BF56C500F74BF4 /* drw_type_hershey.c in Sources */,
				57BDF7E720AC7CD1004C154E /* drw_point.c in Sources */,
				5767C01320DC64870022A676 /* drw_snoop.c in Sources */,
				577858CC20B3661E00218129 /* vector.c in Sources */,
				57BDF7F420AC7CD1004C154E /* drw_primitives.c in Sources */,
				57939B2C21BF56C500F74BF4 /* drw_type_ftgles.cpp in Sources */,
				577DD21720D3546E00623919 /* drw_render.c in Sources */,
				57939B3C21BF584B00F74BF4 /* drw_log.c in Sources */,
				5703D74D20ACBCBD007E1800 /* drw_ext_gpc.c in Sources */,
			);
			runOnlyForDeploymentPostprocessing = 0;
		};
		D1A836891E99AEF3009AA5D2 /* Sources */ = {
			isa = PBXSourcesBuildPhase;
			buildActionMask = 2147483647;
			files = (
			);
			runOnlyForDeploymentPostprocessing = 0;
		};
/* End PBXSourcesBuildPhase section */

/* Begin XCBuildConfiguration section */
		D1A8335D1E99AD2C009AA5D2 /* Debug */ = {
			isa = XCBuildConfiguration;
			buildSettings = {
				ALWAYS_SEARCH_USER_PATHS = NO;
				CLANG_ANALYZER_LOCALIZABILITY_NONLOCALIZED = YES;
				CLANG_ANALYZER_NONNULL = YES;
				CLANG_CXX_LANGUAGE_STANDARD = "gnu++0x";
				CLANG_CXX_LIBRARY = "libc++";
				CLANG_ENABLE_MODULES = NO;
				CLANG_ENABLE_OBJC_ARC = YES;
				CLANG_MODULES_AUTOLINK = NO;
				CLANG_WARN_BLOCK_CAPTURE_AUTORELEASING = YES;
				CLANG_WARN_BOOL_CONVERSION = YES;
				CLANG_WARN_COMMA = YES;
				CLANG_WARN_CONSTANT_CONVERSION = YES;
				CLANG_WARN_DEPRECATED_OBJC_IMPLEMENTATIONS = YES;
				CLANG_WARN_DIRECT_OBJC_ISA_USAGE = YES_ERROR;
				CLANG_WARN_DOCUMENTATION_COMMENTS = YES;
				CLANG_WARN_EMPTY_BODY = YES;
				CLANG_WARN_ENUM_CONVERSION = YES;
				CLANG_WARN_INFINITE_RECURSION = YES;
				CLANG_WARN_INT_CONVERSION = YES;
				CLANG_WARN_NON_LITERAL_NULL_CONVERSION = YES;
				CLANG_WARN_OBJC_IMPLICIT_RETAIN_SELF = YES;
				CLANG_WARN_OBJC_LITERAL_CONVERSION = YES;
				CLANG_WARN_OBJC_ROOT_CLASS = YES_ERROR;
				CLANG_WARN_RANGE_LOOP_ANALYSIS = YES;
				CLANG_WARN_STRICT_PROTOTYPES = YES;
				CLANG_WARN_SUSPICIOUS_MOVE = YES;
				CLANG_WARN_UNREACHABLE_CODE = YES;
				CLANG_WARN__DUPLICATE_METHOD_MATCH = YES;
				CODE_SIGN_IDENTITY = "-";
				COPY_PHASE_STRIP = NO;
				DEBUG_INFORMATION_FORMAT = dwarf;
				ENABLE_STRICT_OBJC_MSGSEND = YES;
				ENABLE_TESTABILITY = YES;
				GCC_C_LANGUAGE_STANDARD = gnu99;
				GCC_DYNAMIC_NO_PIC = NO;
				GCC_NO_COMMON_BLOCKS = YES;
				GCC_OPTIMIZATION_LEVEL = 0;
				GCC_PREPROCESSOR_DEFINITIONS = (
					"DEBUG=1",
					"$(inherited)",
				);
				GCC_WARN_64_TO_32_BIT_CONVERSION = YES;
				GCC_WARN_ABOUT_RETURN_TYPE = YES_ERROR;
				GCC_WARN_UNDECLARED_SELECTOR = YES;
				GCC_WARN_UNINITIALIZED_AUTOS = YES_AGGRESSIVE;
				GCC_WARN_UNUSED_FUNCTION = YES;
				GCC_WARN_UNUSED_VARIABLE = YES;
				HEADER_SEARCH_PATHS = (
					"$(r4_root)/contrib/deps",
					"$(r4_root)/libs/**",
					"$(r4_root)/contrib/src",
				);
				MACOSX_DEPLOYMENT_TARGET = 10.11;
				MTL_ENABLE_DEBUG_INFO = YES;
				ONLY_ACTIVE_ARCH = YES;
				SDKROOT = macosx;
				r4_root = "$(HOME)/art/r4";
			};
			name = Debug;
		};
		D1A8335E1E99AD2C009AA5D2 /* Release */ = {
			isa = XCBuildConfiguration;
			buildSettings = {
				ALWAYS_SEARCH_USER_PATHS = NO;
				CLANG_ANALYZER_LOCALIZABILITY_NONLOCALIZED = YES;
				CLANG_ANALYZER_NONNULL = YES;
				CLANG_CXX_LANGUAGE_STANDARD = "gnu++0x";
				CLANG_CXX_LIBRARY = "libc++";
				CLANG_ENABLE_MODULES = NO;
				CLANG_ENABLE_OBJC_ARC = YES;
				CLANG_MODULES_AUTOLINK = NO;
				CLANG_WARN_BLOCK_CAPTURE_AUTORELEASING = YES;
				CLANG_WARN_BOOL_CONVERSION = YES;
				CLANG_WARN_COMMA = YES;
				CLANG_WARN_CONSTANT_CONVERSION = YES;
				CLANG_WARN_DEPRECATED_OBJC_IMPLEMENTATIONS = YES;
				CLANG_WARN_DIRECT_OBJC_ISA_USAGE = YES_ERROR;
				CLANG_WARN_DOCUMENTATION_COMMENTS = YES;
				CLANG_WARN_EMPTY_BODY = YES;
				CLANG_WARN_ENUM_CONVERSION = YES;
				CLANG_WARN_INFINITE_RECURSION = YES;
				CLANG_WARN_INT_CONVERSION = YES;
				CLANG_WARN_NON_LITERAL_NULL_CONVERSION = YES;
				CLANG_WARN_OBJC_IMPLICIT_RETAIN_SELF = YES;
				CLANG_WARN_OBJC_LITERAL_CONVERSION = YES;
				CLANG_WARN_OBJC_ROOT_CLASS = YES_ERROR;
				CLANG_WARN_RANGE_LOOP_ANALYSIS = YES;
				CLANG_WARN_STRICT_PROTOTYPES = YES;
				CLANG_WARN_SUSPICIOUS_MOVE = YES;
				CLANG_WARN_UNREACHABLE_CODE = YES;
				CLANG_WARN__DUPLICATE_METHOD_MATCH = YES;
				CODE_SIGN_IDENTITY = "-";
				COPY_PHASE_STRIP = NO;
				DEBUG_INFORMATION_FORMAT = "dwarf-with-dsym";
				ENABLE_NS_ASSERTIONS = NO;
				ENABLE_STRICT_OBJC_MSGSEND = YES;
				GCC_C_LANGUAGE_STANDARD = gnu99;
				GCC_NO_COMMON_BLOCKS = YES;
				GCC_WARN_64_TO_32_BIT_CONVERSION = YES;
				GCC_WARN_ABOUT_RETURN_TYPE = YES_ERROR;
				GCC_WARN_UNDECLARED_SELECTOR = YES;
				GCC_WARN_UNINITIALIZED_AUTOS = YES_AGGRESSIVE;
				GCC_WARN_UNUSED_FUNCTION = YES;
				GCC_WARN_UNUSED_VARIABLE = YES;
				HEADER_SEARCH_PATHS = (
					"$(r4_root)/contrib/deps",
					"$(r4_root)/libs/**",
					"$(r4_root)/contrib/src",
				);
				MACOSX_DEPLOYMENT_TARGET = 10.11;
				MTL_ENABLE_DEBUG_INFO = NO;
				SDKROOT = macosx;
				r4_root = "$(HOME)/art/r4";
			};
			name = Release;
		};
		D1A833601E99AD2C009AA5D2 /* Debug */ = {
			isa = XCBuildConfiguration;
			buildSettings = {
				CLANG_ENABLE_MODULES = NO;
				CLANG_ENABLE_MODULE_DEBUGGING = YES;
				CLANG_MODULES_AUTOLINK = NO;
				DEVELOPMENT_TEAM = 42R5XUY266;
				EXECUTABLE_PREFIX = lib;
				HEADER_SEARCH_PATHS = (
					/usr/local/include,
					/opt/X11/include,
					/opt/X11/include/freetype2,
					../src,
					../../../../,
					../../../,
					../contrib/deps,
					"$(r4_root)/contrib/deps",
					"$(r4_root)/libs",
					../contrib,
					../../../contrib/include/freetype2,
					../../../contrib/include,
				);
				MACOSX_DEPLOYMENT_TARGET = 10.7;
				PRODUCT_NAME = "$(TARGET_NAME)";
				SYMROOT = ../../../build;
				r4_root = "$(HOME)/art/r4";
			};
			name = Debug;
		};
		D1A833611E99AD2C009AA5D2 /* Release */ = {
			isa = XCBuildConfiguration;
			buildSettings = {
				CLANG_ENABLE_MODULES = NO;
				CLANG_ENABLE_MODULE_DEBUGGING = YES;
				CLANG_MODULES_AUTOLINK = NO;
				DEVELOPMENT_TEAM = 42R5XUY266;
				EXECUTABLE_PREFIX = lib;
				HEADER_SEARCH_PATHS = (
					/usr/local/include,
					/opt/X11/include,
					/opt/X11/include/freetype2,
					../src,
					../../../../,
					../../../,
					../contrib/deps,
					"$(r4_root)/contrib/deps",
					"$(r4_root)/libs",
					../contrib,
					../../../contrib/include/freetype2,
					../../../contrib/include,
				);
				MACOSX_DEPLOYMENT_TARGET = 10.7;
				PRODUCT_NAME = "$(TARGET_NAME)";
				SYMROOT = ../../../build;
				r4_root = "$(HOME)/art/r4";
			};
			name = Release;
		};
		D1A8368F1E99AEF3009AA5D2 /* Debug */ = {
			isa = XCBuildConfiguration;
			buildSettings = {
				DEVELOPMENT_TEAM = 42R5XUY266;
				DYLIB_COMPATIBILITY_VERSION = 1;
				DYLIB_CURRENT_VERSION = 1;
				EXECUTABLE_PREFIX = lib;
				HEADER_SEARCH_PATHS = (
					"$(r4_root)/libs",
					"$(r4_root)/contrib",
				);
				MACOSX_DEPLOYMENT_TARGET = 10.7;
				PRODUCT_NAME = drw;
				SYMROOT = ../../../build;
				r4_root = "$(HOME)/art/r4";
			};
			name = Debug;
		};
		D1A836901E99AEF3009AA5D2 /* Release */ = {
			isa = XCBuildConfiguration;
			buildSettings = {
				DEVELOPMENT_TEAM = 42R5XUY266;
				DYLIB_COMPATIBILITY_VERSION = 1;
				DYLIB_CURRENT_VERSION = 1;
				EXECUTABLE_PREFIX = lib;
				HEADER_SEARCH_PATHS = (
					"$(r4_root)/libs",
					"$(r4_root)/contrib",
				);
				MACOSX_DEPLOYMENT_TARGET = 10.7;
				PRODUCT_NAME = drw;
				SYMROOT = ../../../build;
				r4_root = "$(HOME)/art/r4";
			};
			name = Release;
		};
/* End XCBuildConfiguration section */

/* Begin XCConfigurationList section */
		D1A833561E99AD2B009AA5D2 /* Build configuration list for PBXProject "drw" */ = {
			isa = XCConfigurationList;
			buildConfigurations = (
				D1A8335D1E99AD2C009AA5D2 /* Debug */,
				D1A8335E1E99AD2C009AA5D2 /* Release */,
			);
			defaultConfigurationIsVisible = 0;
			defaultConfigurationName = Release;
		};
		D1A8335F1E99AD2C009AA5D2 /* Build configuration list for PBXNativeTarget "drw" */ = {
			isa = XCConfigurationList;
			buildConfigurations = (
				D1A833601E99AD2C009AA5D2 /* Debug */,
				D1A833611E99AD2C009AA5D2 /* Release */,
			);
			defaultConfigurationIsVisible = 0;
			defaultConfigurationName = Release;
		};
		D1A8368E1E99AEF3009AA5D2 /* Build configuration list for PBXNativeTarget "drw-shared" */ = {
			isa = XCConfigurationList;
			buildConfigurations = (
				D1A8368F1E99AEF3009AA5D2 /* Debug */,
				D1A836901E99AEF3009AA5D2 /* Release */,
			);
			defaultConfigurationIsVisible = 0;
			defaultConfigurationName = Release;
		};
/* End XCConfigurationList section */
	};
	rootObject = D1A833531E99AD2B009AA5D2 /* Project object */;
}
