// !$*UTF8*$!
{
	archiveVersion = 1;
	classes = {
	};
	objectVersion = 46;
	objects = {

/* Begin PBXBuildFile section */
		57BDF7E520AC7CD1004C154E /* drw_render.h in Headers */ = {isa = PBXBuildFile; fileRef = 57BDF7D320AC7CD1004C154E /* drw_render.h */; };
		57BDF7E620AC7CD1004C154E /* drw_wobject_ops.h in Headers */ = {isa = PBXBuildFile; fileRef = 57BDF7D420AC7CD1004C154E /* drw_wobject_ops.h */; };
		57BDF7E720AC7CD1004C154E /* drw_point.c in Sources */ = {isa = PBXBuildFile; fileRef = 57BDF7D520AC7CD1004C154E /* drw_point.c */; };
		57BDF7ED20AC7CD1004C154E /* drw_primitives.h in Headers */ = {isa = PBXBuildFile; fileRef = 57BDF7DB20AC7CD1004C154E /* drw_primitives.h */; };
		57BDF7EE20AC7CD1004C154E /* drw_wobject_ops.c in Sources */ = {isa = PBXBuildFile; fileRef = 57BDF7DC20AC7CD1004C154E /* drw_wobject_ops.c */; };
		57BDF7EF20AC7CD1004C154E /* drw_render.c in Sources */ = {isa = PBXBuildFile; fileRef = 57BDF7DD20AC7CD1004C154E /* drw_render.c */; };
		57BDF7F220AC7CD1004C154E /* drw_point.h in Headers */ = {isa = PBXBuildFile; fileRef = 57BDF7E020AC7CD1004C154E /* drw_point.h */; };
		57BDF7F420AC7CD1004C154E /* drw_primitives.c in Sources */ = {isa = PBXBuildFile; fileRef = 57BDF7E220AC7CD1004C154E /* drw_primitives.c */; };
		57BDF80920ACA86A004C154E /* drw_platform.h in Headers */ = {isa = PBXBuildFile; fileRef = 57BDF80820ACA86A004C154E /* drw_platform.h */; };
		57BDF81620ACA9A0004C154E /* drw_font_asteroids.c in Sources */ = {isa = PBXBuildFile; fileRef = 57BDF80C20ACA9A0004C154E /* drw_font_asteroids.c */; };
		57BDF81720ACA9A0004C154E /* drw_font_hpvec.c in Sources */ = {isa = PBXBuildFile; fileRef = 57BDF80D20ACA9A0004C154E /* drw_font_hpvec.c */; };
		57BDF81820ACA9A0004C154E /* drw_font_ftgles.h in Headers */ = {isa = PBXBuildFile; fileRef = 57BDF80E20ACA9A0004C154E /* drw_font_ftgles.h */; };
		57BDF81920ACA9A0004C154E /* drw_font_hershey.c in Sources */ = {isa = PBXBuildFile; fileRef = 57BDF80F20ACA9A0004C154E /* drw_font_hershey.c */; };
		57BDF81A20ACA9A0004C154E /* drw_font_ftgl.c in Sources */ = {isa = PBXBuildFile; fileRef = 57BDF81020ACA9A0004C154E /* drw_font_ftgl.c */; };
		57BDF81B20ACA9A0004C154E /* drw_font_asteroids.h in Headers */ = {isa = PBXBuildFile; fileRef = 57BDF81120ACA9A0004C154E /* drw_font_asteroids.h */; };
		57BDF81C20ACA9A0004C154E /* drw_font_hpvec.h in Headers */ = {isa = PBXBuildFile; fileRef = 57BDF81220ACA9A0004C154E /* drw_font_hpvec.h */; };
		57BDF81D20ACA9A0004C154E /* drw_font_ftgles.cpp in Sources */ = {isa = PBXBuildFile; fileRef = 57BDF81320ACA9A0004C154E /* drw_font_ftgles.cpp */; };
		57BDF81E20ACA9A0004C154E /* drw_font_ftgl.h in Headers */ = {isa = PBXBuildFile; fileRef = 57BDF81420ACA9A0004C154E /* drw_font_ftgl.h */; };
		57BDF81F20ACA9A0004C154E /* drw_font_hershey.h in Headers */ = {isa = PBXBuildFile; fileRef = 57BDF81520ACA9A0004C154E /* drw_font_hershey.h */; };
/* End PBXBuildFile section */

/* Begin PBXFileReference section */
		57BDF7D320AC7CD1004C154E /* drw_render.h */ = {isa = PBXFileReference; fileEncoding = 4; lastKnownFileType = sourcecode.c.h; path = drw_render.h; sourceTree = "<group>"; };
		57BDF7D420AC7CD1004C154E /* drw_wobject_ops.h */ = {isa = PBXFileReference; fileEncoding = 4; lastKnownFileType = sourcecode.c.h; path = drw_wobject_ops.h; sourceTree = "<group>"; };
		57BDF7D520AC7CD1004C154E /* drw_point.c */ = {isa = PBXFileReference; fileEncoding = 4; lastKnownFileType = sourcecode.c.c; path = drw_point.c; sourceTree = "<group>"; };
		57BDF7DB20AC7CD1004C154E /* drw_primitives.h */ = {isa = PBXFileReference; fileEncoding = 4; lastKnownFileType = sourcecode.c.h; path = drw_primitives.h; sourceTree = "<group>"; };
		57BDF7DC20AC7CD1004C154E /* drw_wobject_ops.c */ = {isa = PBXFileReference; fileEncoding = 4; lastKnownFileType = sourcecode.c.c; path = drw_wobject_ops.c; sourceTree = "<group>"; };
		57BDF7DD20AC7CD1004C154E /* drw_render.c */ = {isa = PBXFileReference; fileEncoding = 4; lastKnownFileType = sourcecode.c.c; path = drw_render.c; sourceTree = "<group>"; };
		57BDF7E020AC7CD1004C154E /* drw_point.h */ = {isa = PBXFileReference; fileEncoding = 4; lastKnownFileType = sourcecode.c.h; path = drw_point.h; sourceTree = "<group>"; };
		57BDF7E220AC7CD1004C154E /* drw_primitives.c */ = {isa = PBXFileReference; fileEncoding = 4; lastKnownFileType = sourcecode.c.c; path = drw_primitives.c; sourceTree = "<group>"; };
		57BDF80820ACA86A004C154E /* drw_platform.h */ = {isa = PBXFileReference; fileEncoding = 4; lastKnownFileType = sourcecode.c.h; path = drw_platform.h; sourceTree = "<group>"; };
		57BDF80A20ACA91E004C154E /* drw_config.h */ = {isa = PBXFileReference; lastKnownFileType = sourcecode.c.h; path = drw_config.h; sourceTree = "<group>"; };
		57BDF80C20ACA9A0004C154E /* drw_font_asteroids.c */ = {isa = PBXFileReference; fileEncoding = 4; lastKnownFileType = sourcecode.c.c; path = drw_font_asteroids.c; sourceTree = "<group>"; };
		57BDF80D20ACA9A0004C154E /* drw_font_hpvec.c */ = {isa = PBXFileReference; fileEncoding = 4; lastKnownFileType = sourcecode.c.c; path = drw_font_hpvec.c; sourceTree = "<group>"; };
		57BDF80E20ACA9A0004C154E /* drw_font_ftgles.h */ = {isa = PBXFileReference; fileEncoding = 4; lastKnownFileType = sourcecode.c.h; path = drw_font_ftgles.h; sourceTree = "<group>"; };
		57BDF80F20ACA9A0004C154E /* drw_font_hershey.c */ = {isa = PBXFileReference; fileEncoding = 4; lastKnownFileType = sourcecode.c.c; path = drw_font_hershey.c; sourceTree = "<group>"; };
		57BDF81020ACA9A0004C154E /* drw_font_ftgl.c */ = {isa = PBXFileReference; fileEncoding = 4; lastKnownFileType = sourcecode.c.c; path = drw_font_ftgl.c; sourceTree = "<group>"; };
		57BDF81120ACA9A0004C154E /* drw_font_asteroids.h */ = {isa = PBXFileReference; fileEncoding = 4; lastKnownFileType = sourcecode.c.h; path = drw_font_asteroids.h; sourceTree = "<group>"; };
		57BDF81220ACA9A0004C154E /* drw_font_hpvec.h */ = {isa = PBXFileReference; fileEncoding = 4; lastKnownFileType = sourcecode.c.h; path = drw_font_hpvec.h; sourceTree = "<group>"; };
		57BDF81320ACA9A0004C154E /* drw_font_ftgles.cpp */ = {isa = PBXFileReference; fileEncoding = 4; lastKnownFileType = sourcecode.cpp.cpp; path = drw_font_ftgles.cpp; sourceTree = "<group>"; };
		57BDF81420ACA9A0004C154E /* drw_font_ftgl.h */ = {isa = PBXFileReference; fileEncoding = 4; lastKnownFileType = sourcecode.c.h; path = drw_font_ftgl.h; sourceTree = "<group>"; };
		57BDF81520ACA9A0004C154E /* drw_font_hershey.h */ = {isa = PBXFileReference; fileEncoding = 4; lastKnownFileType = sourcecode.c.h; path = drw_font_hershey.h; sourceTree = "<group>"; };
		57BDF82020ACAC3F004C154E /* drw_dummy.h */ = {isa = PBXFileReference; lastKnownFileType = sourcecode.c.h; path = drw_dummy.h; sourceTree = "<group>"; };
		D1A8335B1E99AD2C009AA5D2 /* libdrw.a */ = {isa = PBXFileReference; explicitFileType = archive.ar; includeInIndex = 0; path = libdrw.a; sourceTree = BUILT_PRODUCTS_DIR; };
		D1A8368D1E99AEF3009AA5D2 /* libdrw.dylib */ = {isa = PBXFileReference; explicitFileType = "compiled.mach-o.dylib"; includeInIndex = 0; path = libdrw.dylib; sourceTree = BUILT_PRODUCTS_DIR; };
		D1AA9AB91EA00E1A00675C3A /* drw.h */ = {isa = PBXFileReference; lastKnownFileType = sourcecode.c.h; name = drw.h; path = ../drw.h; sourceTree = "<group>"; };
/* End PBXFileReference section */

/* Begin PBXFrameworksBuildPhase section */
		D1A833581E99AD2C009AA5D2 /* Frameworks */ = {
			isa = PBXFrameworksBuildPhase;
			buildActionMask = 2147483647;
			files = (
			);
			runOnlyForDeploymentPostprocessing = 0;
		};
		D1A8368A1E99AEF3009AA5D2 /* Frameworks */ = {
			isa = PBXFrameworksBuildPhase;
			buildActionMask = 2147483647;
			files = (
			);
			runOnlyForDeploymentPostprocessing = 0;
		};
/* End PBXFrameworksBuildPhase section */

/* Begin PBXGroup section */
		57BDF7D220AC7CD1004C154E /* src */ = {
			isa = PBXGroup;
			children = (
				57BDF80B20ACA9A0004C154E /* type */,
				57BDF82020ACAC3F004C154E /* drw_dummy.h */,
				57BDF80820ACA86A004C154E /* drw_platform.h */,
				57BDF80A20ACA91E004C154E /* drw_config.h */,
				57BDF7D320AC7CD1004C154E /* drw_render.h */,
				57BDF7DD20AC7CD1004C154E /* drw_render.c */,
				57BDF7D420AC7CD1004C154E /* drw_wobject_ops.h */,
				57BDF7D520AC7CD1004C154E /* drw_point.c */,
				57BDF7DB20AC7CD1004C154E /* drw_primitives.h */,
				57BDF7DC20AC7CD1004C154E /* drw_wobject_ops.c */,
				57BDF7E020AC7CD1004C154E /* drw_point.h */,
				57BDF7E220AC7CD1004C154E /* drw_primitives.c */,
			);
			name = src;
			path = ../src;
			sourceTree = "<group>";
		};
		57BDF80B20ACA9A0004C154E /* type */ = {
			isa = PBXGroup;
			children = (
				57BDF80C20ACA9A0004C154E /* drw_font_asteroids.c */,
				57BDF80D20ACA9A0004C154E /* drw_font_hpvec.c */,
				57BDF80E20ACA9A0004C154E /* drw_font_ftgles.h */,
				57BDF80F20ACA9A0004C154E /* drw_font_hershey.c */,
				57BDF81020ACA9A0004C154E /* drw_font_ftgl.c */,
				57BDF81120ACA9A0004C154E /* drw_font_asteroids.h */,
				57BDF81220ACA9A0004C154E /* drw_font_hpvec.h */,
				57BDF81320ACA9A0004C154E /* drw_font_ftgles.cpp */,
				57BDF81420ACA9A0004C154E /* drw_font_ftgl.h */,
				57BDF81520ACA9A0004C154E /* drw_font_hershey.h */,
			);
			path = type;
			sourceTree = "<group>";
		};
		D1A833521E99AD2B009AA5D2 = {
			isa = PBXGroup;
			children = (
				57BDF7D220AC7CD1004C154E /* src */,
				D1AA9AB91EA00E1A00675C3A /* drw.h */,
				D1A8335C1E99AD2C009AA5D2 /* Products */,
			);
			sourceTree = "<group>";
		};
		D1A8335C1E99AD2C009AA5D2 /* Products */ = {
			isa = PBXGroup;
			children = (
				D1A8335B1E99AD2C009AA5D2 /* libdrw.a */,
				D1A8368D1E99AEF3009AA5D2 /* libdrw.dylib */,
			);
			name = Products;
			sourceTree = "<group>";
		};
/* End PBXGroup section */

/* Begin PBXHeadersBuildPhase section */
		D1A833591E99AD2C009AA5D2 /* Headers */ = {
			isa = PBXHeadersBuildPhase;
			buildActionMask = 2147483647;
			files = (
				57BDF7E620AC7CD1004C154E /* drw_wobject_ops.h in Headers */,
				57BDF7F220AC7CD1004C154E /* drw_point.h in Headers */,
				57BDF80920ACA86A004C154E /* drw_platform.h in Headers */,
				57BDF7ED20AC7CD1004C154E /* drw_primitives.h in Headers */,
				57BDF81820ACA9A0004C154E /* drw_font_ftgles.h in Headers */,
				57BDF7E520AC7CD1004C154E /* drw_render.h in Headers */,
				57BDF81E20ACA9A0004C154E /* drw_font_ftgl.h in Headers */,
				57BDF81C20ACA9A0004C154E /* drw_font_hpvec.h in Headers */,
				57BDF81F20ACA9A0004C154E /* drw_font_hershey.h in Headers */,
				57BDF81B20ACA9A0004C154E /* drw_font_asteroids.h in Headers */,
			);
			runOnlyForDeploymentPostprocessing = 0;
		};
		D1A8368B1E99AEF3009AA5D2 /* Headers */ = {
			isa = PBXHeadersBuildPhase;
			buildActionMask = 2147483647;
			files = (
			);
			runOnlyForDeploymentPostprocessing = 0;
		};
/* End PBXHeadersBuildPhase section */

/* Begin PBXNativeTarget section */
		D1A8335A1E99AD2C009AA5D2 /* drw */ = {
			isa = PBXNativeTarget;
			buildConfigurationList = D1A8335F1E99AD2C009AA5D2 /* Build configuration list for PBXNativeTarget "drw" */;
			buildPhases = (
				D1A833571E99AD2C009AA5D2 /* Sources */,
				D1A833581E99AD2C009AA5D2 /* Frameworks */,
				D1A833591E99AD2C009AA5D2 /* Headers */,
			);
			buildRules = (
			);
			dependencies = (
			);
			name = drw;
			productName = drw;
			productReference = D1A8335B1E99AD2C009AA5D2 /* libdrw.a */;
			productType = "com.apple.product-type.library.static";
		};
		D1A8368C1E99AEF3009AA5D2 /* drw-shared */ = {
			isa = PBXNativeTarget;
			buildConfigurationList = D1A8368E1E99AEF3009AA5D2 /* Build configuration list for PBXNativeTarget "drw-shared" */;
			buildPhases = (
				D1A836891E99AEF3009AA5D2 /* Sources */,
				D1A8368A1E99AEF3009AA5D2 /* Frameworks */,
				D1A8368B1E99AEF3009AA5D2 /* Headers */,
			);
			buildRules = (
			);
			dependencies = (
			);
			name = "drw-shared";
			productName = "drw-shared";
			productReference = D1A8368D1E99AEF3009AA5D2 /* libdrw.dylib */;
			productType = "com.apple.product-type.library.dynamic";
		};
/* End PBXNativeTarget section */

/* Begin PBXProject section */
		D1A833531E99AD2B009AA5D2 /* Project object */ = {
			isa = PBXProject;
			attributes = {
				KnownAssetTags = (
					New,
				);
				LastUpgradeCheck = 0930;
				ORGANIZATIONNAME = ruminant;
				TargetAttributes = {
					D1A8335A1E99AD2C009AA5D2 = {
						CreatedOnToolsVersion = 8.2.1;
						DevelopmentTeam = 42R5XUY266;
						ProvisioningStyle = Automatic;
					};
					D1A8368C1E99AEF3009AA5D2 = {
						CreatedOnToolsVersion = 8.2.1;
						DevelopmentTeam = 42R5XUY266;
						ProvisioningStyle = Automatic;
					};
				};
			};
			buildConfigurationList = D1A833561E99AD2B009AA5D2 /* Build configuration list for PBXProject "drw" */;
			compatibilityVersion = "Xcode 3.2";
			developmentRegion = English;
			hasScannedForEncodings = 0;
			knownRegions = (
				en,
			);
			mainGroup = D1A833521E99AD2B009AA5D2;
			productRefGroup = D1A8335C1E99AD2C009AA5D2 /* Products */;
			projectDirPath = "";
			projectRoot = "";
			targets = (
				D1A8335A1E99AD2C009AA5D2 /* drw */,
				D1A8368C1E99AEF3009AA5D2 /* drw-shared */,
			);
		};
/* End PBXProject section */

/* Begin PBXSourcesBuildPhase section */
		D1A833571E99AD2C009AA5D2 /* Sources */ = {
			isa = PBXSourcesBuildPhase;
			buildActionMask = 2147483647;
			files = (
				57BDF7EE20AC7CD1004C154E /* drw_wobject_ops.c in Sources */,
				57BDF81620ACA9A0004C154E /* drw_font_asteroids.c in Sources */,
				57BDF81D20ACA9A0004C154E /* drw_font_ftgles.cpp in Sources */,
				57BDF7E720AC7CD1004C154E /* drw_point.c in Sources */,
				57BDF81720ACA9A0004C154E /* drw_font_hpvec.c in Sources */,
				57BDF7EF20AC7CD1004C154E /* drw_render.c in Sources */,
				57BDF81920ACA9A0004C154E /* drw_font_hershey.c in Sources */,
				57BDF7F420AC7CD1004C154E /* drw_primitives.c in Sources */,
				57BDF81A20ACA9A0004C154E /* drw_font_ftgl.c in Sources */,
			);
			runOnlyForDeploymentPostprocessing = 0;
		};
		D1A836891E99AEF3009AA5D2 /* Sources */ = {
			isa = PBXSourcesBuildPhase;
			buildActionMask = 2147483647;
			files = (
			);
			runOnlyForDeploymentPostprocessing = 0;
		};
/* End PBXSourcesBuildPhase section */

/* Begin XCBuildConfiguration section */
		D1A8335D1E99AD2C009AA5D2 /* Debug */ = {
			isa = XCBuildConfiguration;
			buildSettings = {
				ALWAYS_SEARCH_USER_PATHS = NO;
				CLANG_ANALYZER_NONNULL = YES;
				CLANG_CXX_LANGUAGE_STANDARD = "gnu++0x";
				CLANG_CXX_LIBRARY = "libc++";
				CLANG_ENABLE_MODULES = NO;
				CLANG_ENABLE_OBJC_ARC = YES;
				CLANG_MODULES_AUTOLINK = NO;
				CLANG_WARN_BLOCK_CAPTURE_AUTORELEASING = YES;
				CLANG_WARN_BOOL_CONVERSION = YES;
				CLANG_WARN_COMMA = YES;
				CLANG_WARN_CONSTANT_CONVERSION = YES;
				CLANG_WARN_DEPRECATED_OBJC_IMPLEMENTATIONS = YES;
				CLANG_WARN_DIRECT_OBJC_ISA_USAGE = YES_ERROR;
				CLANG_WARN_DOCUMENTATION_COMMENTS = YES;
				CLANG_WARN_EMPTY_BODY = YES;
				CLANG_WARN_ENUM_CONVERSION = YES;
				CLANG_WARN_INFINITE_RECURSION = YES;
				CLANG_WARN_INT_CONVERSION = YES;
				CLANG_WARN_NON_LITERAL_NULL_CONVERSION = YES;
				CLANG_WARN_OBJC_IMPLICIT_RETAIN_SELF = YES;
				CLANG_WARN_OBJC_LITERAL_CONVERSION = YES;
				CLANG_WARN_OBJC_ROOT_CLASS = YES_ERROR;
				CLANG_WARN_RANGE_LOOP_ANALYSIS = YES;
				CLANG_WARN_STRICT_PROTOTYPES = YES;
				CLANG_WARN_SUSPICIOUS_MOVE = YES;
				CLANG_WARN_UNREACHABLE_CODE = YES;
				CLANG_WARN__DUPLICATE_METHOD_MATCH = YES;
				CODE_SIGN_IDENTITY = "-";
				COPY_PHASE_STRIP = NO;
				DEBUG_INFORMATION_FORMAT = dwarf;
				ENABLE_STRICT_OBJC_MSGSEND = YES;
				ENABLE_TESTABILITY = YES;
				GCC_C_LANGUAGE_STANDARD = gnu99;
				GCC_DYNAMIC_NO_PIC = NO;
				GCC_NO_COMMON_BLOCKS = YES;
				GCC_OPTIMIZATION_LEVEL = 0;
				GCC_PREPROCESSOR_DEFINITIONS = (
					"DEBUG=1",
					"$(inherited)",
				);
				GCC_WARN_64_TO_32_BIT_CONVERSION = YES;
				GCC_WARN_ABOUT_RETURN_TYPE = YES_ERROR;
				GCC_WARN_UNDECLARED_SELECTOR = YES;
				GCC_WARN_UNINITIALIZED_AUTOS = YES_AGGRESSIVE;
				GCC_WARN_UNUSED_FUNCTION = YES;
				GCC_WARN_UNUSED_VARIABLE = YES;
				MACOSX_DEPLOYMENT_TARGET = 10.11;
				MTL_ENABLE_DEBUG_INFO = YES;
				ONLY_ACTIVE_ARCH = YES;
				SDKROOT = macosx;
			};
			name = Debug;
		};
		D1A8335E1E99AD2C009AA5D2 /* Release */ = {
			isa = XCBuildConfiguration;
			buildSettings = {
				ALWAYS_SEARCH_USER_PATHS = NO;
				CLANG_ANALYZER_NONNULL = YES;
				CLANG_CXX_LANGUAGE_STANDARD = "gnu++0x";
				CLANG_CXX_LIBRARY = "libc++";
				CLANG_ENABLE_MODULES = NO;
				CLANG_ENABLE_OBJC_ARC = YES;
				CLANG_MODULES_AUTOLINK = NO;
				CLANG_WARN_BLOCK_CAPTURE_AUTORELEASING = YES;
				CLANG_WARN_BOOL_CONVERSION = YES;
				CLANG_WARN_COMMA = YES;
				CLANG_WARN_CONSTANT_CONVERSION = YES;
				CLANG_WARN_DEPRECATED_OBJC_IMPLEMENTATIONS = YES;
				CLANG_WARN_DIRECT_OBJC_ISA_USAGE = YES_ERROR;
				CLANG_WARN_DOCUMENTATION_COMMENTS = YES;
				CLANG_WARN_EMPTY_BODY = YES;
				CLANG_WARN_ENUM_CONVERSION = YES;
				CLANG_WARN_INFINITE_RECURSION = YES;
				CLANG_WARN_INT_CONVERSION = YES;
				CLANG_WARN_NON_LITERAL_NULL_CONVERSION = YES;
				CLANG_WARN_OBJC_IMPLICIT_RETAIN_SELF = YES;
				CLANG_WARN_OBJC_LITERAL_CONVERSION = YES;
				CLANG_WARN_OBJC_ROOT_CLASS = YES_ERROR;
				CLANG_WARN_RANGE_LOOP_ANALYSIS = YES;
				CLANG_WARN_STRICT_PROTOTYPES = YES;
				CLANG_WARN_SUSPICIOUS_MOVE = YES;
				CLANG_WARN_UNREACHABLE_CODE = YES;
				CLANG_WARN__DUPLICATE_METHOD_MATCH = YES;
				CODE_SIGN_IDENTITY = "-";
				COPY_PHASE_STRIP = NO;
				DEBUG_INFORMATION_FORMAT = "dwarf-with-dsym";
				ENABLE_NS_ASSERTIONS = NO;
				ENABLE_STRICT_OBJC_MSGSEND = YES;
				GCC_C_LANGUAGE_STANDARD = gnu99;
				GCC_NO_COMMON_BLOCKS = YES;
				GCC_WARN_64_TO_32_BIT_CONVERSION = YES;
				GCC_WARN_ABOUT_RETURN_TYPE = YES_ERROR;
				GCC_WARN_UNDECLARED_SELECTOR = YES;
				GCC_WARN_UNINITIALIZED_AUTOS = YES_AGGRESSIVE;
				GCC_WARN_UNUSED_FUNCTION = YES;
				GCC_WARN_UNUSED_VARIABLE = YES;
				MACOSX_DEPLOYMENT_TARGET = 10.11;
				MTL_ENABLE_DEBUG_INFO = NO;
				SDKROOT = macosx;
			};
			name = Release;
		};
		D1A833601E99AD2C009AA5D2 /* Debug */ = {
			isa = XCBuildConfiguration;
			buildSettings = {
				CLANG_ENABLE_MODULES = NO;
				CLANG_ENABLE_MODULE_DEBUGGING = YES;
				CLANG_MODULES_AUTOLINK = NO;
				DEVELOPMENT_TEAM = 42R5XUY266;
				EXECUTABLE_PREFIX = lib;
				HEADER_SEARCH_PATHS = (
					/usr/local/include,
					/opt/X11/include,
					/opt/X11/include/freetype2,
					../src,
					../../../../,
					../../../,
					../contrib/deps,
				);
				MACOSX_DEPLOYMENT_TARGET = 10.7;
				PRODUCT_NAME = "$(TARGET_NAME)";
				SYMROOT = ../../../build;
				r4_root = "$(HOME)/art/r4";
			};
			name = Debug;
		};
		D1A833611E99AD2C009AA5D2 /* Release */ = {
			isa = XCBuildConfiguration;
			buildSettings = {
				CLANG_ENABLE_MODULES = NO;
				CLANG_ENABLE_MODULE_DEBUGGING = YES;
				CLANG_MODULES_AUTOLINK = NO;
				DEVELOPMENT_TEAM = 42R5XUY266;
				EXECUTABLE_PREFIX = lib;
				HEADER_SEARCH_PATHS = (
					/usr/local/include,
					/opt/X11/include,
					/opt/X11/include/freetype2,
					../src,
					../../../../,
					../../../,
					../contrib/deps,
				);
				MACOSX_DEPLOYMENT_TARGET = 10.7;
				PRODUCT_NAME = "$(TARGET_NAME)";
				SYMROOT = ../../../build;
				r4_root = "$(HOME)/art/r4";
			};
			name = Release;
		};
		D1A8368F1E99AEF3009AA5D2 /* Debug */ = {
			isa = XCBuildConfiguration;
			buildSettings = {
				DEVELOPMENT_TEAM = 42R5XUY266;
				DYLIB_COMPATIBILITY_VERSION = 1;
				DYLIB_CURRENT_VERSION = 1;
				EXECUTABLE_PREFIX = lib;
				HEADER_SEARCH_PATHS = (
					"$(r4_root)/libs",
					"$(r4_root)/contrib",
				);
				MACOSX_DEPLOYMENT_TARGET = 10.7;
				PRODUCT_NAME = drw;
				SYMROOT = ../../../build;
				r4_root = "$(HOME)/art/r4";
			};
			name = Debug;
		};
		D1A836901E99AEF3009AA5D2 /* Release */ = {
			isa = XCBuildConfiguration;
			buildSettings = {
				DEVELOPMENT_TEAM = 42R5XUY266;
				DYLIB_COMPATIBILITY_VERSION = 1;
				DYLIB_CURRENT_VERSION = 1;
				EXECUTABLE_PREFIX = lib;
				HEADER_SEARCH_PATHS = (
					"$(r4_root)/libs",
					"$(r4_root)/contrib",
				);
				MACOSX_DEPLOYMENT_TARGET = 10.7;
				PRODUCT_NAME = drw;
				SYMROOT = ../../../build;
				r4_root = "$(HOME)/art/r4";
			};
			name = Release;
		};
/* End XCBuildConfiguration section */

/* Begin XCConfigurationList section */
		D1A833561E99AD2B009AA5D2 /* Build configuration list for PBXProject "drw" */ = {
			isa = XCConfigurationList;
			buildConfigurations = (
				D1A8335D1E99AD2C009AA5D2 /* Debug */,
				D1A8335E1E99AD2C009AA5D2 /* Release */,
			);
			defaultConfigurationIsVisible = 0;
			defaultConfigurationName = Release;
		};
		D1A8335F1E99AD2C009AA5D2 /* Build configuration list for PBXNativeTarget "drw" */ = {
			isa = XCConfigurationList;
			buildConfigurations = (
				D1A833601E99AD2C009AA5D2 /* Debug */,
				D1A833611E99AD2C009AA5D2 /* Release */,
			);
			defaultConfigurationIsVisible = 0;
			defaultConfigurationName = Release;
		};
		D1A8368E1E99AEF3009AA5D2 /* Build configuration list for PBXNativeTarget "drw-shared" */ = {
			isa = XCConfigurationList;
			buildConfigurations = (
				D1A8368F1E99AEF3009AA5D2 /* Debug */,
				D1A836901E99AEF3009AA5D2 /* Release */,
			);
			defaultConfigurationIsVisible = 0;
			defaultConfigurationName = Release;
		};
/* End XCConfigurationList section */
	};
	rootObject = D1A833531E99AD2B009AA5D2 /* Project object */;
}
