// !$*UTF8*$!
{
	archiveVersion = 1;
	classes = {
	};
	objectVersion = 46;
	objects = {

/* Begin PBXBuildFile section */
		495A22F01F703E5700D2AF70 /* d_render.c in Sources */ = {isa = PBXBuildFile; fileRef = 495A22EF1F703E5700D2AF70 /* d_render.c */; };
		5705A9821F80298C0028609C /* d_glus.c in Sources */ = {isa = PBXBuildFile; fileRef = 5705A97A1F80298B0028609C /* d_glus.c */; };
		5705A9831F80298C0028609C /* d_hatch.c in Sources */ = {isa = PBXBuildFile; fileRef = 5705A97B1F80298B0028609C /* d_hatch.c */; };
		5705A9841F80298C0028609C /* d_wobject_ops.c in Sources */ = {isa = PBXBuildFile; fileRef = 5705A97C1F80298B0028609C /* d_wobject_ops.c */; };
		5705A9851F80298C0028609C /* d_fbo.c in Sources */ = {isa = PBXBuildFile; fileRef = 5705A97D1F80298B0028609C /* d_fbo.c */; };
		5705A9861F80298C0028609C /* d_fbo2.c in Sources */ = {isa = PBXBuildFile; fileRef = 5705A9811F80298C0028609C /* d_fbo2.c */; };
		575C676E204F49C900431EAE /* d_font_ftgles.cpp in Sources */ = {isa = PBXBuildFile; fileRef = 575C676D204F49C900431EAE /* d_font_ftgles.cpp */; };
		578EC3EB20A79604008C5420 /* d_primitives.c in Sources */ = {isa = PBXBuildFile; fileRef = 578EC3EA20A79604008C5420 /* d_primitives.c */; };
/* End PBXBuildFile section */

/* Begin PBXCopyFilesBuildPhase section */
		D13332FB1EA66418008284B1 /* CopyFiles */ = {
			isa = PBXCopyFilesBuildPhase;
			buildActionMask = 2147483647;
			dstPath = "include/$(PRODUCT_NAME)";
			dstSubfolderSpec = 16;
			files = (
			);
			runOnlyForDeploymentPostprocessing = 0;
		};
/* End PBXCopyFilesBuildPhase section */

/* Begin PBXFileReference section */
		495A22EE1F703E5700D2AF70 /* d_render.h */ = {isa = PBXFileReference; lastKnownFileType = sourcecode.c.h; path = d_render.h; sourceTree = "<group>"; };
		495A22EF1F703E5700D2AF70 /* d_render.c */ = {isa = PBXFileReference; lastKnownFileType = sourcecode.c.c; path = d_render.c; sourceTree = "<group>"; };
		5705A9781F80298B0028609C /* d_wobject_ops.h */ = {isa = PBXFileReference; lastKnownFileType = sourcecode.c.h; path = d_wobject_ops.h; sourceTree = "<group>"; };
		5705A9791F80298B0028609C /* d_fbo.h */ = {isa = PBXFileReference; lastKnownFileType = sourcecode.c.h; path = d_fbo.h; sourceTree = "<group>"; };
		5705A97A1F80298B0028609C /* d_glus.c */ = {isa = PBXFileReference; lastKnownFileType = sourcecode.c.c; path = d_glus.c; sourceTree = "<group>"; };
		5705A97B1F80298B0028609C /* d_hatch.c */ = {isa = PBXFileReference; lastKnownFileType = sourcecode.c.c; path = d_hatch.c; sourceTree = "<group>"; };
		5705A97C1F80298B0028609C /* d_wobject_ops.c */ = {isa = PBXFileReference; lastKnownFileType = sourcecode.c.c; path = d_wobject_ops.c; sourceTree = "<group>"; };
		5705A97D1F80298B0028609C /* d_fbo.c */ = {isa = PBXFileReference; lastKnownFileType = sourcecode.c.c; path = d_fbo.c; sourceTree = "<group>"; };
		5705A97E1F80298B0028609C /* d_fbo2.h */ = {isa = PBXFileReference; lastKnownFileType = sourcecode.c.h; path = d_fbo2.h; sourceTree = "<group>"; };
		5705A97F1F80298B0028609C /* d_glus.h */ = {isa = PBXFileReference; lastKnownFileType = sourcecode.c.h; path = d_glus.h; sourceTree = "<group>"; };
		5705A9801F80298B0028609C /* d_hatch.h */ = {isa = PBXFileReference; lastKnownFileType = sourcecode.c.h; path = d_hatch.h; sourceTree = "<group>"; };
		5705A9811F80298C0028609C /* d_fbo2.c */ = {isa = PBXFileReference; lastKnownFileType = sourcecode.c.c; path = d_fbo2.c; sourceTree = "<group>"; };
		575C676C204F49C900431EAE /* d_font_ftgles.h */ = {isa = PBXFileReference; explicitFileType = sourcecode.cpp.h; fileEncoding = 4; path = d_font_ftgles.h; sourceTree = "<group>"; };
		575C676D204F49C900431EAE /* d_font_ftgles.cpp */ = {isa = PBXFileReference; fileEncoding = 4; lastKnownFileType = sourcecode.cpp.cpp; path = d_font_ftgles.cpp; sourceTree = "<group>"; };
		578EC3E920A79603008C5420 /* d_primitives.h */ = {isa = PBXFileReference; fileEncoding = 4; lastKnownFileType = sourcecode.c.h; path = d_primitives.h; sourceTree = "<group>"; };
		578EC3EA20A79604008C5420 /* d_primitives.c */ = {isa = PBXFileReference; fileEncoding = 4; lastKnownFileType = sourcecode.c.c; path = d_primitives.c; sourceTree = "<group>"; };
		D13332FD1EA66418008284B1 /* libdrw.a */ = {isa = PBXFileReference; explicitFileType = archive.ar; includeInIndex = 0; path = libdrw.a; sourceTree = BUILT_PRODUCTS_DIR; };
/* End PBXFileReference section */

/* Begin PBXFrameworksBuildPhase section */
		D13332FA1EA66418008284B1 /* Frameworks */ = {
			isa = PBXFrameworksBuildPhase;
			buildActionMask = 2147483647;
			files = (
			);
			runOnlyForDeploymentPostprocessing = 0;
		};
/* End PBXFrameworksBuildPhase section */

/* Begin PBXGroup section */
		D13332F41EA66418008284B1 = {
			isa = PBXGroup;
			children = (
				D13333091EA6644E008284B1 /* src */,
				D13332FE1EA66418008284B1 /* Products */,
			);
			sourceTree = "<group>";
		};
		D13332FE1EA66418008284B1 /* Products */ = {
			isa = PBXGroup;
			children = (
				D13332FD1EA66418008284B1 /* libdrw.a */,
			);
			name = Products;
			sourceTree = "<group>";
		};
		D13333091EA6644E008284B1 /* src */ = {
			isa = PBXGroup;
			children = (
				5705A97D1F80298B0028609C /* d_fbo.c */,
				5705A9791F80298B0028609C /* d_fbo.h */,
				5705A9811F80298C0028609C /* d_fbo2.c */,
				5705A97E1F80298B0028609C /* d_fbo2.h */,
				5705A97A1F80298B0028609C /* d_glus.c */,
				5705A97F1F80298B0028609C /* d_glus.h */,
				5705A97B1F80298B0028609C /* d_hatch.c */,
				5705A9801F80298B0028609C /* d_hatch.h */,
				578EC3EA20A79604008C5420 /* d_primitives.c */,
				578EC3E920A79603008C5420 /* d_primitives.h */,
				5705A97C1F80298B0028609C /* d_wobject_ops.c */,
				5705A9781F80298B0028609C /* d_wobject_ops.h */,
				575C676D204F49C900431EAE /* d_font_ftgles.cpp */,
				575C676C204F49C900431EAE /* d_font_ftgles.h */,
				495A22EF1F703E5700D2AF70 /* d_render.c */,
				495A22EE1F703E5700D2AF70 /* d_render.h */,
			);
			name = src;
			path = ../src;
			sourceTree = "<group>";
		};
/* End PBXGroup section */

/* Begin PBXNativeTarget section */
		D13332FC1EA66418008284B1 /* drw */ = {
			isa = PBXNativeTarget;
			buildConfigurationList = D13333061EA66418008284B1 /* Build configuration list for PBXNativeTarget "drw" */;
			buildPhases = (
				D13332F91EA66418008284B1 /* Sources */,
				D13332FA1EA66418008284B1 /* Frameworks */,
				D13332FB1EA66418008284B1 /* CopyFiles */,
			);
			buildRules = (
			);
			dependencies = (
			);
			name = drw;
			productName = drw;
			productReference = D13332FD1EA66418008284B1 /* libdrw.a */;
			productType = "com.apple.product-type.library.static";
		};
/* End PBXNativeTarget section */

/* Begin PBXProject section */
		D13332F51EA66418008284B1 /* Project object */ = {
			isa = PBXProject;
			attributes = {
				LastUpgradeCheck = 0930;
				ORGANIZATIONNAME = ruminant;
				TargetAttributes = {
					D13332FC1EA66418008284B1 = {
						CreatedOnToolsVersion = 8.2.1;
						DevelopmentTeam = 42R5XUY266;
						ProvisioningStyle = Automatic;
					};
				};
			};
			buildConfigurationList = D13332F81EA66418008284B1 /* Build configuration list for PBXProject "drw-ios" */;
			compatibilityVersion = "Xcode 3.2";
			developmentRegion = English;
			hasScannedForEncodings = 0;
			knownRegions = (
				en,
			);
			mainGroup = D13332F41EA66418008284B1;
			productRefGroup = D13332FE1EA66418008284B1 /* Products */;
			projectDirPath = "";
			projectRoot = "";
			targets = (
				D13332FC1EA66418008284B1 /* drw */,
			);
		};
/* End PBXProject section */

/* Begin PBXSourcesBuildPhase section */
		D13332F91EA66418008284B1 /* Sources */ = {
			isa = PBXSourcesBuildPhase;
			buildActionMask = 2147483647;
			files = (
				575C676E204F49C900431EAE /* d_font_ftgles.cpp in Sources */,
				5705A9851F80298C0028609C /* d_fbo.c in Sources */,
				495A22F01F703E5700D2AF70 /* d_render.c in Sources */,
				5705A9861F80298C0028609C /* d_fbo2.c in Sources */,
				5705A9841F80298C0028609C /* d_wobject_ops.c in Sources */,
				5705A9831F80298C0028609C /* d_hatch.c in Sources */,
				578EC3EB20A79604008C5420 /* d_primitives.c in Sources */,
				5705A9821F80298C0028609C /* d_glus.c in Sources */,
			);
			runOnlyForDeploymentPostprocessing = 0;
		};
/* End PBXSourcesBuildPhase section */

/* Begin XCBuildConfiguration section */
		D13333041EA66418008284B1 /* Debug */ = {
			isa = XCBuildConfiguration;
			buildSettings = {
				ALWAYS_SEARCH_USER_PATHS = NO;
				CLANG_ANALYZER_NONNULL = YES;
				CLANG_CXX_LANGUAGE_STANDARD = "gnu++0x";
				CLANG_CXX_LIBRARY = "libc++";
				CLANG_ENABLE_MODULES = YES;
				CLANG_ENABLE_OBJC_ARC = YES;
				CLANG_WARN_BLOCK_CAPTURE_AUTORELEASING = YES;
				CLANG_WARN_BOOL_CONVERSION = YES;
				CLANG_WARN_COMMA = YES;
				CLANG_WARN_CONSTANT_CONVERSION = YES;
				CLANG_WARN_DEPRECATED_OBJC_IMPLEMENTATIONS = YES;
				CLANG_WARN_DIRECT_OBJC_ISA_USAGE = YES_ERROR;
				CLANG_WARN_DOCUMENTATION_COMMENTS = YES;
				CLANG_WARN_EMPTY_BODY = YES;
				CLANG_WARN_ENUM_CONVERSION = YES;
				CLANG_WARN_INFINITE_RECURSION = YES;
				CLANG_WARN_INT_CONVERSION = YES;
				CLANG_WARN_NON_LITERAL_NULL_CONVERSION = YES;
				CLANG_WARN_OBJC_IMPLICIT_RETAIN_SELF = YES;
				CLANG_WARN_OBJC_LITERAL_CONVERSION = YES;
				CLANG_WARN_OBJC_ROOT_CLASS = YES_ERROR;
				CLANG_WARN_RANGE_LOOP_ANALYSIS = YES;
				CLANG_WARN_STRICT_PROTOTYPES = YES;
				CLANG_WARN_SUSPICIOUS_MOVE = YES;
				CLANG_WARN_UNREACHABLE_CODE = YES;
				CLANG_WARN__DUPLICATE_METHOD_MATCH = YES;
				"CODE_SIGN_IDENTITY[sdk=iphoneos*]" = "iPhone Developer";
				COPY_PHASE_STRIP = NO;
				DEBUG_INFORMATION_FORMAT = dwarf;
				ENABLE_STRICT_OBJC_MSGSEND = YES;
				ENABLE_TESTABILITY = YES;
				GCC_C_LANGUAGE_STANDARD = gnu99;
				GCC_DYNAMIC_NO_PIC = NO;
				GCC_NO_COMMON_BLOCKS = YES;
				GCC_OPTIMIZATION_LEVEL = 0;
				GCC_PREPROCESSOR_DEFINITIONS = (
					"DEBUG=1",
					"$(inherited)",
				);
				GCC_WARN_64_TO_32_BIT_CONVERSION = YES;
				GCC_WARN_ABOUT_RETURN_TYPE = YES_ERROR;
				GCC_WARN_UNDECLARED_SELECTOR = YES;
				GCC_WARN_UNINITIALIZED_AUTOS = YES_AGGRESSIVE;
				GCC_WARN_UNUSED_FUNCTION = YES;
				GCC_WARN_UNUSED_VARIABLE = YES;
				IPHONEOS_DEPLOYMENT_TARGET = 10.2;
				MTL_ENABLE_DEBUG_INFO = YES;
				ONLY_ACTIVE_ARCH = YES;
				SDKROOT = iphoneos;
			};
			name = Debug;
		};
		D13333051EA66418008284B1 /* Release */ = {
			isa = XCBuildConfiguration;
			buildSettings = {
				ALWAYS_SEARCH_USER_PATHS = NO;
				CLANG_ANALYZER_NONNULL = YES;
				CLANG_CXX_LANGUAGE_STANDARD = "gnu++0x";
				CLANG_CXX_LIBRARY = "libc++";
				CLANG_ENABLE_MODULES = YES;
				CLANG_ENABLE_OBJC_ARC = YES;
				CLANG_WARN_BLOCK_CAPTURE_AUTORELEASING = YES;
				CLANG_WARN_BOOL_CONVERSION = YES;
				CLANG_WARN_COMMA = YES;
				CLANG_WARN_CONSTANT_CONVERSION = YES;
				CLANG_WARN_DEPRECATED_OBJC_IMPLEMENTATIONS = YES;
				CLANG_WARN_DIRECT_OBJC_ISA_USAGE = YES_ERROR;
				CLANG_WARN_DOCUMENTATION_COMMENTS = YES;
				CLANG_WARN_EMPTY_BODY = YES;
				CLANG_WARN_ENUM_CONVERSION = YES;
				CLANG_WARN_INFINITE_RECURSION = YES;
				CLANG_WARN_INT_CONVERSION = YES;
				CLANG_WARN_NON_LITERAL_NULL_CONVERSION = YES;
				CLANG_WARN_OBJC_IMPLICIT_RETAIN_SELF = YES;
				CLANG_WARN_OBJC_LITERAL_CONVERSION = YES;
				CLANG_WARN_OBJC_ROOT_CLASS = YES_ERROR;
				CLANG_WARN_RANGE_LOOP_ANALYSIS = YES;
				CLANG_WARN_STRICT_PROTOTYPES = YES;
				CLANG_WARN_SUSPICIOUS_MOVE = YES;
				CLANG_WARN_UNREACHABLE_CODE = YES;
				CLANG_WARN__DUPLICATE_METHOD_MATCH = YES;
				"CODE_SIGN_IDENTITY[sdk=iphoneos*]" = "iPhone Developer";
				COPY_PHASE_STRIP = NO;
				DEBUG_INFORMATION_FORMAT = "dwarf-with-dsym";
				ENABLE_NS_ASSERTIONS = NO;
				ENABLE_STRICT_OBJC_MSGSEND = YES;
				GCC_C_LANGUAGE_STANDARD = gnu99;
				GCC_NO_COMMON_BLOCKS = YES;
				GCC_WARN_64_TO_32_BIT_CONVERSION = YES;
				GCC_WARN_ABOUT_RETURN_TYPE = YES_ERROR;
				GCC_WARN_UNDECLARED_SELECTOR = YES;
				GCC_WARN_UNINITIALIZED_AUTOS = YES_AGGRESSIVE;
				GCC_WARN_UNUSED_FUNCTION = YES;
				GCC_WARN_UNUSED_VARIABLE = YES;
				IPHONEOS_DEPLOYMENT_TARGET = 10.2;
				MTL_ENABLE_DEBUG_INFO = NO;
				SDKROOT = iphoneos;
				VALIDATE_PRODUCT = YES;
			};
			name = Release;
		};
		D13333071EA66418008284B1 /* Debug */ = {
			isa = XCBuildConfiguration;
			buildSettings = {
				DEVELOPMENT_TEAM = 42R5XUY266;
				HEADER_SEARCH_PATHS = (
					"$(r4_root)/contrib",
					"$(r4_root)/libs",
					"$(r4_root)/contrib/include",
					../../../contrib/deps,
				);
				OTHER_LDFLAGS = "-ObjC";
				PRODUCT_NAME = "$(TARGET_NAME)";
				SKIP_INSTALL = YES;
				SYMROOT = ../../../build;
				r4_root = "$(HOME)/art/r4";
			};
			name = Debug;
		};
		D13333081EA66418008284B1 /* Release */ = {
			isa = XCBuildConfiguration;
			buildSettings = {
				DEVELOPMENT_TEAM = 42R5XUY266;
				HEADER_SEARCH_PATHS = (
					"$(r4_root)/contrib",
					"$(r4_root)/libs",
					"$(r4_root)/contrib/include",
					../../../contrib/deps,
				);
				OTHER_LDFLAGS = "-ObjC";
				PRODUCT_NAME = "$(TARGET_NAME)";
				SKIP_INSTALL = YES;
				SYMROOT = ../../../build;
				r4_root = "$(HOME)/art/r4";
			};
			name = Release;
		};
/* End XCBuildConfiguration section */

/* Begin XCConfigurationList section */
		D13332F81EA66418008284B1 /* Build configuration list for PBXProject "drw-ios" */ = {
			isa = XCConfigurationList;
			buildConfigurations = (
				D13333041EA66418008284B1 /* Debug */,
				D13333051EA66418008284B1 /* Release */,
			);
			defaultConfigurationIsVisible = 0;
			defaultConfigurationName = Release;
		};
		D13333061EA66418008284B1 /* Build configuration list for PBXNativeTarget "drw" */ = {
			isa = XCConfigurationList;
			buildConfigurations = (
				D13333071EA66418008284B1 /* Debug */,
				D13333081EA66418008284B1 /* Release */,
			);
			defaultConfigurationIsVisible = 0;
			defaultConfigurationName = Release;
		};
/* End XCConfigurationList section */
	};
	rootObject = D13332F51EA66418008284B1 /* Project object */;
}
