// !$*UTF8*$!
{
	archiveVersion = 1;
	classes = {
	};
	objectVersion = 46;
	objects = {

/* Begin PBXBuildFile section */
		5703DBE820ACBF98007E1800 /* drw_ext_gpc.c in Sources */ = {isa = PBXBuildFile; fileRef = 5703DBE720ACBF98007E1800 /* drw_ext_gpc.c */; };
		570FA31321BF234800F945F7 /* drw_type_ftgl.c in Sources */ = {isa = PBXBuildFile; fileRef = 570FA30821BF234800F945F7 /* drw_type_ftgl.c */; };
		570FA31421BF234800F945F7 /* drw_type_hershey.c in Sources */ = {isa = PBXBuildFile; fileRef = 570FA30921BF234800F945F7 /* drw_type_hershey.c */; };
		570FA31521BF234800F945F7 /* drw_type.c in Sources */ = {isa = PBXBuildFile; fileRef = 570FA30A21BF234800F945F7 /* drw_type.c */; };
		570FA31621BF234800F945F7 /* drw_type_hpvec.c in Sources */ = {isa = PBXBuildFile; fileRef = 570FA30C21BF234800F945F7 /* drw_type_hpvec.c */; };
		570FA31721BF234800F945F7 /* drw_type_ftgles.cpp in Sources */ = {isa = PBXBuildFile; fileRef = 570FA31021BF234800F945F7 /* drw_type_ftgles.cpp */; };
		570FA31821BF234800F945F7 /* drw_type_asteroids.c in Sources */ = {isa = PBXBuildFile; fileRef = 570FA31121BF234800F945F7 /* drw_type_asteroids.c */; };
		570FA31B21BF262500F945F7 /* drw_log.c in Sources */ = {isa = PBXBuildFile; fileRef = 570FA31A21BF262500F945F7 /* drw_log.c */; };
		575B4E9720C9E95E00E875FE /* OpenGLES.framework in Frameworks */ = {isa = PBXBuildFile; fileRef = 575B4E9620C9E95E00E875FE /* OpenGLES.framework */; };
		577DD1FE20D350B100623919 /* libFTGLES.a in Frameworks */ = {isa = PBXBuildFile; fileRef = 577DD1FD20D350B100623919 /* libFTGLES.a */; };
		577DD22520D3577800623919 /* drw_render_gl.c in Sources */ = {isa = PBXBuildFile; fileRef = 577DD22420D3577800623919 /* drw_render_gl.c */; };
		57967B6820D186AB00003F66 /* drw_export.c in Sources */ = {isa = PBXBuildFile; fileRef = 57967B6620D186A800003F66 /* drw_export.c */; };
		57A807A422CBEA7200E81EEB /* asteroids_font.c in Sources */ = {isa = PBXBuildFile; fileRef = 57A8077D22CBEA7200E81EEB /* asteroids_font.c */; };
		57A807A522CBEA7200E81EEB /* hershey_font.c in Sources */ = {isa = PBXBuildFile; fileRef = 57A8077E22CBEA7200E81EEB /* hershey_font.c */; };
		57A89EA2229DE0260019E933 /* drw_render_gl_barrier.c in Sources */ = {isa = PBXBuildFile; fileRef = 57A89EA1229DE0260019E933 /* drw_render_gl_barrier.c */; };
		57B6B0C720CDBB14009B3BFB /* drw.c in Sources */ = {isa = PBXBuildFile; fileRef = 57B6B0C620CDBB14009B3BFB /* drw.c */; };
		57BDF7C120AB99E0004C154E /* drw_point.c in Sources */ = {isa = PBXBuildFile; fileRef = 57BDF7B120AB99E0004C154E /* drw_point.c */; };
		57BDF7C620AB99E0004C154E /* drw_wobject_ops.c in Sources */ = {isa = PBXBuildFile; fileRef = 57BDF7B820AB99E0004C154E /* drw_wobject_ops.c */; };
		57BDF7C720AB99E0004C154E /* drw_render.c in Sources */ = {isa = PBXBuildFile; fileRef = 57BDF7B920AB99E0004C154E /* drw_render.c */; };
		57BDF7C920AB99E0004C154E /* drw_primitives.c in Sources */ = {isa = PBXBuildFile; fileRef = 57BDF7BE20AB99E0004C154E /* drw_primitives.c */; };
/* End PBXBuildFile section */

/* Begin PBXCopyFilesBuildPhase section */
		D13332FB1EA66418008284B1 /* CopyFiles */ = {
			isa = PBXCopyFilesBuildPhase;
			buildActionMask = 2147483647;
			dstPath = "include/$(PRODUCT_NAME)";
			dstSubfolderSpec = 16;
			files = (
			);
			runOnlyForDeploymentPostprocessing = 0;
		};
/* End PBXCopyFilesBuildPhase section */

/* Begin PBXFileReference section */
		5703DBE620ACBF98007E1800 /* drw_ext_gpc.h */ = {isa = PBXFileReference; fileEncoding = 4; lastKnownFileType = sourcecode.c.h; path = drw_ext_gpc.h; sourceTree = "<group>"; };
		5703DBE720ACBF98007E1800 /* drw_ext_gpc.c */ = {isa = PBXFileReference; fileEncoding = 4; lastKnownFileType = sourcecode.c.c; path = drw_ext_gpc.c; sourceTree = "<group>"; };
		570FA30721BF234800F945F7 /* drw_type_ftgles.h */ = {isa = PBXFileReference; fileEncoding = 4; lastKnownFileType = sourcecode.c.h; path = drw_type_ftgles.h; sourceTree = "<group>"; };
		570FA30821BF234800F945F7 /* drw_type_ftgl.c */ = {isa = PBXFileReference; fileEncoding = 4; lastKnownFileType = sourcecode.c.c; path = drw_type_ftgl.c; sourceTree = "<group>"; };
		570FA30921BF234800F945F7 /* drw_type_hershey.c */ = {isa = PBXFileReference; fileEncoding = 4; lastKnownFileType = sourcecode.c.c; path = drw_type_hershey.c; sourceTree = "<group>"; };
		570FA30A21BF234800F945F7 /* drw_type.c */ = {isa = PBXFileReference; fileEncoding = 4; lastKnownFileType = sourcecode.c.c; path = drw_type.c; sourceTree = "<group>"; };
		570FA30B21BF234800F945F7 /* drw_type_asteroids.h */ = {isa = PBXFileReference; fileEncoding = 4; lastKnownFileType = sourcecode.c.h; path = drw_type_asteroids.h; sourceTree = "<group>"; };
		570FA30C21BF234800F945F7 /* drw_type_hpvec.c */ = {isa = PBXFileReference; fileEncoding = 4; lastKnownFileType = sourcecode.c.c; path = drw_type_hpvec.c; sourceTree = "<group>"; };
		570FA30D21BF234800F945F7 /* drw_type_hershey.h */ = {isa = PBXFileReference; fileEncoding = 4; lastKnownFileType = sourcecode.c.h; path = drw_type_hershey.h; sourceTree = "<group>"; };
		570FA30E21BF234800F945F7 /* drw_type_ftgl.h */ = {isa = PBXFileReference; fileEncoding = 4; lastKnownFileType = sourcecode.c.h; path = drw_type_ftgl.h; sourceTree = "<group>"; };
		570FA30F21BF234800F945F7 /* drw_type.h */ = {isa = PBXFileReference; fileEncoding = 4; lastKnownFileType = sourcecode.c.h; path = drw_type.h; sourceTree = "<group>"; };
		570FA31021BF234800F945F7 /* drw_type_ftgles.cpp */ = {isa = PBXFileReference; fileEncoding = 4; lastKnownFileType = sourcecode.cpp.cpp; path = drw_type_ftgles.cpp; sourceTree = "<group>"; };
		570FA31121BF234800F945F7 /* drw_type_asteroids.c */ = {isa = PBXFileReference; fileEncoding = 4; lastKnownFileType = sourcecode.c.c; path = drw_type_asteroids.c; sourceTree = "<group>"; };
		570FA31221BF234800F945F7 /* drw_type_hpvec.h */ = {isa = PBXFileReference; fileEncoding = 4; lastKnownFileType = sourcecode.c.h; path = drw_type_hpvec.h; sourceTree = "<group>"; };
		570FA31921BF262500F945F7 /* drw_log.h */ = {isa = PBXFileReference; lastKnownFileType = sourcecode.c.h; path = drw_log.h; sourceTree = "<group>"; };
		570FA31A21BF262500F945F7 /* drw_log.c */ = {isa = PBXFileReference; lastKnownFileType = sourcecode.c.c; path = drw_log.c; sourceTree = "<group>"; };
		575872AA22C1340F00BDEBFD /* drw_ext.h */ = {isa = PBXFileReference; lastKnownFileType = sourcecode.c.h; path = drw_ext.h; sourceTree = "<group>"; };
		575B4E9220C9E69900E875FE /* drw_config.h */ = {isa = PBXFileReference; fileEncoding = 4; lastKnownFileType = sourcecode.c.h; path = drw_config.h; sourceTree = "<group>"; };
		575B4E9320C9E69900E875FE /* drw_dummy.h */ = {isa = PBXFileReference; fileEncoding = 4; lastKnownFileType = sourcecode.c.h; path = drw_dummy.h; sourceTree = "<group>"; };
		575B4E9420C9E69900E875FE /* drw_platform.h */ = {isa = PBXFileReference; fileEncoding = 4; lastKnownFileType = sourcecode.c.h; path = drw_platform.h; sourceTree = "<group>"; };
		575B4E9620C9E95E00E875FE /* OpenGLES.framework */ = {isa = PBXFileReference; lastKnownFileType = wrapper.framework; name = OpenGLES.framework; path = System/Library/Frameworks/OpenGLES.framework; sourceTree = SDKROOT; };
		577DD1FD20D350B100623919 /* libFTGLES.a */ = {isa = PBXFileReference; lastKnownFileType = archive.ar; name = libFTGLES.a; path = ../../../contrib/platform/ios/arm64/libFTGLES.a; sourceTree = "<group>"; };
		577DD22320D3577700623919 /* drw_render.h */ = {isa = PBXFileReference; fileEncoding = 4; lastKnownFileType = sourcecode.c.h; path = drw_render.h; sourceTree = "<group>"; };
		577DD22420D3577800623919 /* drw_render_gl.c */ = {isa = PBXFileReference; fileEncoding = 4; lastKnownFileType = sourcecode.c.c; path = drw_render_gl.c; sourceTree = "<group>"; };
		57967B6620D186A800003F66 /* drw_export.c */ = {isa = PBXFileReference; fileEncoding = 4; lastKnownFileType = sourcecode.c.c; path = drw_export.c; sourceTree = "<group>"; };
		57967B6720D186AB00003F66 /* drw_export.h */ = {isa = PBXFileReference; fileEncoding = 4; lastKnownFileType = sourcecode.c.h; path = drw_export.h; sourceTree = "<group>"; };
		57A8077D22CBEA7200E81EEB /* asteroids_font.c */ = {isa = PBXFileReference; fileEncoding = 4; lastKnownFileType = sourcecode.c.c; path = asteroids_font.c; sourceTree = "<group>"; };
		57A8077E22CBEA7200E81EEB /* hershey_font.c */ = {isa = PBXFileReference; fileEncoding = 4; lastKnownFileType = sourcecode.c.c; path = hershey_font.c; sourceTree = "<group>"; };
		57A8077F22CBEA7200E81EEB /* asteroids_font.h */ = {isa = PBXFileReference; fileEncoding = 4; lastKnownFileType = sourcecode.c.h; path = asteroids_font.h; sourceTree = "<group>"; };
		57A8078122CBEA7200E81EEB /* music.h */ = {isa = PBXFileReference; fileEncoding = 4; lastKnownFileType = sourcecode.c.h; path = music.h; sourceTree = "<group>"; };
		57A8078222CBEA7200E81EEB /* gothitt.h */ = {isa = PBXFileReference; fileEncoding = 4; lastKnownFileType = sourcecode.c.h; path = gothitt.h; sourceTree = "<group>"; };
		57A8078322CBEA7200E81EEB /* futuram.h */ = {isa = PBXFileReference; fileEncoding = 4; lastKnownFileType = sourcecode.c.h; path = futuram.h; sourceTree = "<group>"; };
		57A8078422CBEA7200E81EEB /* gothgrt.h */ = {isa = PBXFileReference; fileEncoding = 4; lastKnownFileType = sourcecode.c.h; path = gothgrt.h; sourceTree = "<group>"; };
		57A8078522CBEA7200E81EEB /* japanese.h */ = {isa = PBXFileReference; fileEncoding = 4; lastKnownFileType = sourcecode.c.h; path = japanese.h; sourceTree = "<group>"; };
		57A8078622CBEA7200E81EEB /* timesib.h */ = {isa = PBXFileReference; fileEncoding = 4; lastKnownFileType = sourcecode.c.h; path = timesib.h; sourceTree = "<group>"; };
		57A8078722CBEA7200E81EEB /* scriptc.h */ = {isa = PBXFileReference; fileEncoding = 4; lastKnownFileType = sourcecode.c.h; path = scriptc.h; sourceTree = "<group>"; };
		57A8078822CBEA7200E81EEB /* rowmand.h */ = {isa = PBXFileReference; fileEncoding = 4; lastKnownFileType = sourcecode.c.h; path = rowmand.h; sourceTree = "<group>"; };
		57A8078A22CBEA7200E81EEB /* gothiceng.h */ = {isa = PBXFileReference; fileEncoding = 4; lastKnownFileType = sourcecode.c.h; path = gothiceng.h; sourceTree = "<group>"; };
		57A8078B22CBEA7200E81EEB /* meteorology.h */ = {isa = PBXFileReference; fileEncoding = 4; lastKnownFileType = sourcecode.c.h; path = meteorology.h; sourceTree = "<group>"; };
		57A8078C22CBEA7200E81EEB /* gothicger.h */ = {isa = PBXFileReference; fileEncoding = 4; lastKnownFileType = sourcecode.c.h; path = gothicger.h; sourceTree = "<group>"; };
		57A8078D22CBEA7200E81EEB /* greeks.h */ = {isa = PBXFileReference; fileEncoding = 4; lastKnownFileType = sourcecode.c.h; path = greeks.h; sourceTree = "<group>"; };
		57A8078E22CBEA7200E81EEB /* timesg.h */ = {isa = PBXFileReference; fileEncoding = 4; lastKnownFileType = sourcecode.c.h; path = timesg.h; sourceTree = "<group>"; };
		57A8078F22CBEA7200E81EEB /* timesi.h */ = {isa = PBXFileReference; fileEncoding = 4; lastKnownFileType = sourcecode.c.h; path = timesi.h; sourceTree = "<group>"; };
		57A8079022CBEA7200E81EEB /* scripts.h */ = {isa = PBXFileReference; fileEncoding = 4; lastKnownFileType = sourcecode.c.h; path = scripts.h; sourceTree = "<group>"; };
		57A8079122CBEA7200E81EEB /* rowmans.h */ = {isa = PBXFileReference; fileEncoding = 4; lastKnownFileType = sourcecode.c.h; path = rowmans.h; sourceTree = "<group>"; };
		57A8079222CBEA7200E81EEB /* symbolic.h */ = {isa = PBXFileReference; fileEncoding = 4; lastKnownFileType = sourcecode.c.h; path = symbolic.h; sourceTree = "<group>"; };
		57A8079322CBEA7200E81EEB /* mathupp.h */ = {isa = PBXFileReference; fileEncoding = 4; lastKnownFileType = sourcecode.c.h; path = mathupp.h; sourceTree = "<group>"; };
		57A8079422CBEA7200E81EEB /* greek.h */ = {isa = PBXFileReference; fileEncoding = 4; lastKnownFileType = sourcecode.c.h; path = greek.h; sourceTree = "<group>"; };
		57A8079522CBEA7200E81EEB /* gothgbt.h */ = {isa = PBXFileReference; fileEncoding = 4; lastKnownFileType = sourcecode.c.h; path = gothgbt.h; sourceTree = "<group>"; };
		57A8079622CBEA7200E81EEB /* cursive.h */ = {isa = PBXFileReference; fileEncoding = 4; lastKnownFileType = sourcecode.c.h; path = cursive.h; sourceTree = "<group>"; };
		57A8079722CBEA7200E81EEB /* timesrb.h */ = {isa = PBXFileReference; fileEncoding = 4; lastKnownFileType = sourcecode.c.h; path = timesrb.h; sourceTree = "<group>"; };
		57A8079822CBEA7200E81EEB /* markers.h */ = {isa = PBXFileReference; fileEncoding = 4; lastKnownFileType = sourcecode.c.h; path = markers.h; sourceTree = "<group>"; };
		57A8079922CBEA7200E81EEB /* cyrilc_1.h */ = {isa = PBXFileReference; fileEncoding = 4; lastKnownFileType = sourcecode.c.h; path = cyrilc_1.h; sourceTree = "<group>"; };
		57A8079A22CBEA7200E81EEB /* gothicita.h */ = {isa = PBXFileReference; fileEncoding = 4; lastKnownFileType = sourcecode.c.h; path = gothicita.h; sourceTree = "<group>"; };
		57A8079B22CBEA7200E81EEB /* greekc.h */ = {isa = PBXFileReference; fileEncoding = 4; lastKnownFileType = sourcecode.c.h; path = greekc.h; sourceTree = "<group>"; };
		57A8079C22CBEA7200E81EEB /* futural.h */ = {isa = PBXFileReference; fileEncoding = 4; lastKnownFileType = sourcecode.c.h; path = futural.h; sourceTree = "<group>"; };
		57A8079D22CBEA7200E81EEB /* cyrillic.h */ = {isa = PBXFileReference; fileEncoding = 4; lastKnownFileType = sourcecode.c.h; path = cyrillic.h; sourceTree = "<group>"; };
		57A8079E22CBEA7200E81EEB /* mathlow.h */ = {isa = PBXFileReference; fileEncoding = 4; lastKnownFileType = sourcecode.c.h; path = mathlow.h; sourceTree = "<group>"; };
		57A8079F22CBEA7200E81EEB /* astrology.h */ = {isa = PBXFileReference; fileEncoding = 4; lastKnownFileType = sourcecode.c.h; path = astrology.h; sourceTree = "<group>"; };
		57A807A022CBEA7200E81EEB /* rowmant.h */ = {isa = PBXFileReference; fileEncoding = 4; lastKnownFileType = sourcecode.c.h; path = rowmant.h; sourceTree = "<group>"; };
		57A807A122CBEA7200E81EEB /* hershey.txt */ = {isa = PBXFileReference; fileEncoding = 4; lastKnownFileType = text; path = hershey.txt; sourceTree = "<group>"; };
		57A807A222CBEA7200E81EEB /* timesr.h */ = {isa = PBXFileReference; fileEncoding = 4; lastKnownFileType = sourcecode.c.h; path = timesr.h; sourceTree = "<group>"; };
		57A807A322CBEA7200E81EEB /* hershey_font.h */ = {isa = PBXFileReference; fileEncoding = 4; lastKnownFileType = sourcecode.c.h; path = hershey_font.h; sourceTree = "<group>"; };
		57A89EA0229DE0250019E933 /* drw_render_gl_barrier.h */ = {isa = PBXFileReference; fileEncoding = 4; lastKnownFileType = sourcecode.c.h; path = drw_render_gl_barrier.h; sourceTree = "<group>"; };
		57A89EA1229DE0260019E933 /* drw_render_gl_barrier.c */ = {isa = PBXFileReference; fileEncoding = 4; lastKnownFileType = sourcecode.c.c; path = drw_render_gl_barrier.c; sourceTree = "<group>"; };
		57B6B0C520CDBB13009B3BFB /* drw.h */ = {isa = PBXFileReference; fileEncoding = 4; lastKnownFileType = sourcecode.c.h; name = drw.h; path = ../drw.h; sourceTree = "<group>"; };
		57B6B0C620CDBB14009B3BFB /* drw.c */ = {isa = PBXFileReference; fileEncoding = 4; lastKnownFileType = sourcecode.c.c; name = drw.c; path = ../drw.c; sourceTree = "<group>"; };
		57BDF7AF20AB99E0004C154E /* drw_render_gl.h */ = {isa = PBXFileReference; fileEncoding = 4; lastKnownFileType = sourcecode.c.h; path = drw_render_gl.h; sourceTree = "<group>"; };
		57BDF7B020AB99E0004C154E /* drw_wobject_ops.h */ = {isa = PBXFileReference; fileEncoding = 4; lastKnownFileType = sourcecode.c.h; path = drw_wobject_ops.h; sourceTree = "<group>"; };
		57BDF7B120AB99E0004C154E /* drw_point.c */ = {isa = PBXFileReference; fileEncoding = 4; lastKnownFileType = sourcecode.c.c; path = drw_point.c; sourceTree = "<group>"; };
		57BDF7B720AB99E0004C154E /* drw_primitives.h */ = {isa = PBXFileReference; fileEncoding = 4; lastKnownFileType = sourcecode.c.h; path = drw_primitives.h; sourceTree = "<group>"; };
		57BDF7B820AB99E0004C154E /* drw_wobject_ops.c */ = {isa = PBXFileReference; fileEncoding = 4; lastKnownFileType = sourcecode.c.c; path = drw_wobject_ops.c; sourceTree = "<group>"; };
		57BDF7B920AB99E0004C154E /* drw_render.c */ = {isa = PBXFileReference; fileEncoding = 4; lastKnownFileType = sourcecode.c.c; path = drw_render.c; sourceTree = "<group>"; };
		57BDF7BC20AB99E0004C154E /* drw_point.h */ = {isa = PBXFileReference; fileEncoding = 4; lastKnownFileType = sourcecode.c.h; path = drw_point.h; sourceTree = "<group>"; };
		57BDF7BE20AB99E0004C154E /* drw_primitives.c */ = {isa = PBXFileReference; fileEncoding = 4; lastKnownFileType = sourcecode.c.c; path = drw_primitives.c; sourceTree = "<group>"; };
		D13332FD1EA66418008284B1 /* libdrw.a */ = {isa = PBXFileReference; explicitFileType = archive.ar; includeInIndex = 0; path = libdrw.a; sourceTree = BUILT_PRODUCTS_DIR; };
/* End PBXFileReference section */

/* Begin PBXFrameworksBuildPhase section */
		D13332FA1EA66418008284B1 /* Frameworks */ = {
			isa = PBXFrameworksBuildPhase;
			buildActionMask = 2147483647;
			files = (
				577DD1FE20D350B100623919 /* libFTGLES.a in Frameworks */,
				575B4E9720C9E95E00E875FE /* OpenGLES.framework in Frameworks */,
			);
			runOnlyForDeploymentPostprocessing = 0;
		};
/* End PBXFrameworksBuildPhase section */

/* Begin PBXGroup section */
		5703D73220ACBA55007E1800 /* type */ = {
			isa = PBXGroup;
			children = (
				570FA31121BF234800F945F7 /* drw_type_asteroids.c */,
				570FA30B21BF234800F945F7 /* drw_type_asteroids.h */,
				570FA30821BF234800F945F7 /* drw_type_ftgl.c */,
				570FA30E21BF234800F945F7 /* drw_type_ftgl.h */,
				570FA31021BF234800F945F7 /* drw_type_ftgles.cpp */,
				570FA30721BF234800F945F7 /* drw_type_ftgles.h */,
				570FA30921BF234800F945F7 /* drw_type_hershey.c */,
				570FA30D21BF234800F945F7 /* drw_type_hershey.h */,
				570FA30C21BF234800F945F7 /* drw_type_hpvec.c */,
				570FA31221BF234800F945F7 /* drw_type_hpvec.h */,
				570FA30A21BF234800F945F7 /* drw_type.c */,
				570FA30F21BF234800F945F7 /* drw_type.h */,
			);
			path = type;
			sourceTree = "<group>";
		};
		5703DBE520ACBF98007E1800 /* ext */ = {
			isa = PBXGroup;
			children = (
				5703DBE620ACBF98007E1800 /* drw_ext_gpc.h */,
				5703DBE720ACBF98007E1800 /* drw_ext_gpc.c */,
			);
			path = ext;
			sourceTree = "<group>";
		};
		575B4E9520C9E95D00E875FE /* Frameworks */ = {
			isa = PBXGroup;
			children = (
				575B4E9620C9E95E00E875FE /* OpenGLES.framework */,
			);
			name = Frameworks;
			sourceTree = "<group>";
		};
		57967B6320D185FD00003F66 /* lib */ = {
			isa = PBXGroup;
			children = (
				577DD1FD20D350B100623919 /* libFTGLES.a */,
			);
			name = lib;
			sourceTree = "<group>";
		};
		57A8077C22CBEA7200E81EEB /* fonts */ = {
			isa = PBXGroup;
			children = (
				57A8077D22CBEA7200E81EEB /* asteroids_font.c */,
				57A8077E22CBEA7200E81EEB /* hershey_font.c */,
				57A8077F22CBEA7200E81EEB /* asteroids_font.h */,
				57A8078022CBEA7200E81EEB /* hershey_decon */,
				57A807A322CBEA7200E81EEB /* hershey_font.h */,
			);
			name = fonts;
			path = ../contrib/fonts;
			sourceTree = "<group>";
		};
		57A8078022CBEA7200E81EEB /* hershey_decon */ = {
			isa = PBXGroup;
			children = (
				57A8078122CBEA7200E81EEB /* music.h */,
				57A8078222CBEA7200E81EEB /* gothitt.h */,
				57A8078322CBEA7200E81EEB /* futuram.h */,
				57A8078422CBEA7200E81EEB /* gothgrt.h */,
				57A8078522CBEA7200E81EEB /* japanese.h */,
				57A8078622CBEA7200E81EEB /* timesib.h */,
				57A8078722CBEA7200E81EEB /* scriptc.h */,
				57A8078822CBEA7200E81EEB /* rowmand.h */,
				57A8078A22CBEA7200E81EEB /* gothiceng.h */,
				57A8078B22CBEA7200E81EEB /* meteorology.h */,
				57A8078C22CBEA7200E81EEB /* gothicger.h */,
				57A8078D22CBEA7200E81EEB /* greeks.h */,
				57A8078E22CBEA7200E81EEB /* timesg.h */,
				57A8078F22CBEA7200E81EEB /* timesi.h */,
				57A8079022CBEA7200E81EEB /* scripts.h */,
				57A8079122CBEA7200E81EEB /* rowmans.h */,
				57A8079222CBEA7200E81EEB /* symbolic.h */,
				57A8079322CBEA7200E81EEB /* mathupp.h */,
				57A8079422CBEA7200E81EEB /* greek.h */,
				57A8079522CBEA7200E81EEB /* gothgbt.h */,
				57A8079622CBEA7200E81EEB /* cursive.h */,
				57A8079722CBEA7200E81EEB /* timesrb.h */,
				57A8079822CBEA7200E81EEB /* markers.h */,
				57A8079922CBEA7200E81EEB /* cyrilc_1.h */,
				57A8079A22CBEA7200E81EEB /* gothicita.h */,
				57A8079B22CBEA7200E81EEB /* greekc.h */,
				57A8079C22CBEA7200E81EEB /* futural.h */,
				57A8079D22CBEA7200E81EEB /* cyrillic.h */,
				57A8079E22CBEA7200E81EEB /* mathlow.h */,
				57A8079F22CBEA7200E81EEB /* astrology.h */,
				57A807A022CBEA7200E81EEB /* rowmant.h */,
				57A807A122CBEA7200E81EEB /* hershey.txt */,
				57A807A222CBEA7200E81EEB /* timesr.h */,
			);
			path = hershey_decon;
			sourceTree = "<group>";
		};
		57BDF7AE20AB99E0004C154E /* src */ = {
			isa = PBXGroup;
			children = (
				575B4E9220C9E69900E875FE /* drw_config.h */,
				575B4E9320C9E69900E875FE /* drw_dummy.h */,
				57967B6620D186A800003F66 /* drw_export.c */,
				57967B6720D186AB00003F66 /* drw_export.h */,
				575872AA22C1340F00BDEBFD /* drw_ext.h */,
				570FA31A21BF262500F945F7 /* drw_log.c */,
				570FA31921BF262500F945F7 /* drw_log.h */,
				575B4E9420C9E69900E875FE /* drw_platform.h */,
				57BDF7B120AB99E0004C154E /* drw_point.c */,
				57BDF7BC20AB99E0004C154E /* drw_point.h */,
				57BDF7BE20AB99E0004C154E /* drw_primitives.c */,
				57BDF7B720AB99E0004C154E /* drw_primitives.h */,
				57A89EA1229DE0260019E933 /* drw_render_gl_barrier.c */,
				57A89EA0229DE0250019E933 /* drw_render_gl_barrier.h */,
				577DD22420D3577800623919 /* drw_render_gl.c */,
				57BDF7AF20AB99E0004C154E /* drw_render_gl.h */,
				57BDF7B920AB99E0004C154E /* drw_render.c */,
				577DD22320D3577700623919 /* drw_render.h */,
				57BDF7B820AB99E0004C154E /* drw_wobject_ops.c */,
				57BDF7B020AB99E0004C154E /* drw_wobject_ops.h */,
				57B6B0C620CDBB14009B3BFB /* drw.c */,
				57B6B0C520CDBB13009B3BFB /* drw.h */,
				5703DBE520ACBF98007E1800 /* ext */,
				5703D73220ACBA55007E1800 /* type */,
			);
			name = src;
			path = ../src;
			sourceTree = "<group>";
		};
		D13332F41EA66418008284B1 = {
			isa = PBXGroup;
			children = (
				57A8077C22CBEA7200E81EEB /* fonts */,
				575B4E9520C9E95D00E875FE /* Frameworks */,
				57967B6320D185FD00003F66 /* lib */,
				D13332FE1EA66418008284B1 /* Products */,
				57BDF7AE20AB99E0004C154E /* src */,
			);
			sourceTree = "<group>";
		};
		D13332FE1EA66418008284B1 /* Products */ = {
			isa = PBXGroup;
			children = (
				D13332FD1EA66418008284B1 /* libdrw.a */,
			);
			name = Products;
			sourceTree = "<group>";
		};
/* End PBXGroup section */

/* Begin PBXNativeTarget section */
		D13332FC1EA66418008284B1 /* drw */ = {
			isa = PBXNativeTarget;
			buildConfigurationList = D13333061EA66418008284B1 /* Build configuration list for PBXNativeTarget "drw" */;
			buildPhases = (
				D13332F91EA66418008284B1 /* Sources */,
				D13332FA1EA66418008284B1 /* Frameworks */,
				D13332FB1EA66418008284B1 /* CopyFiles */,
			);
			buildRules = (
			);
			dependencies = (
			);
			name = drw;
			productName = drw;
			productReference = D13332FD1EA66418008284B1 /* libdrw.a */;
			productType = "com.apple.product-type.library.static";
		};
/* End PBXNativeTarget section */

/* Begin PBXProject section */
		D13332F51EA66418008284B1 /* Project object */ = {
			isa = PBXProject;
			attributes = {
				LastUpgradeCheck = 1010;
				ORGANIZATIONNAME = ruminant;
				TargetAttributes = {
					D13332FC1EA66418008284B1 = {
						CreatedOnToolsVersion = 8.2.1;
						DevelopmentTeam = W7MSG2FEA9;
						ProvisioningStyle = Automatic;
					};
				};
			};
			buildConfigurationList = D13332F81EA66418008284B1 /* Build configuration list for PBXProject "drw-ios" */;
			compatibilityVersion = "Xcode 3.2";
			developmentRegion = en;
			hasScannedForEncodings = 0;
			knownRegions = (
				en,
				Base,
			);
			mainGroup = D13332F41EA66418008284B1;
			productRefGroup = D13332FE1EA66418008284B1 /* Products */;
			projectDirPath = "";
			projectRoot = "";
			targets = (
				D13332FC1EA66418008284B1 /* drw */,
			);
		};
/* End PBXProject section */

/* Begin PBXSourcesBuildPhase section */
		D13332F91EA66418008284B1 /* Sources */ = {
			isa = PBXSourcesBuildPhase;
			buildActionMask = 2147483647;
			files = (
				570FA31421BF234800F945F7 /* drw_type_hershey.c in Sources */,
				57B6B0C720CDBB14009B3BFB /* drw.c in Sources */,
				570FA31821BF234800F945F7 /* drw_type_asteroids.c in Sources */,
				570FA31521BF234800F945F7 /* drw_type.c in Sources */,
				57A807A422CBEA7200E81EEB /* asteroids_font.c in Sources */,
				57BDF7C120AB99E0004C154E /* drw_point.c in Sources */,
				570FA31721BF234800F945F7 /* drw_type_ftgles.cpp in Sources */,
				57A807A522CBEA7200E81EEB /* hershey_font.c in Sources */,
				570FA31621BF234800F945F7 /* drw_type_hpvec.c in Sources */,
				570FA31B21BF262500F945F7 /* drw_log.c in Sources */,
				57967B6820D186AB00003F66 /* drw_export.c in Sources */,
				570FA31321BF234800F945F7 /* drw_type_ftgl.c in Sources */,
				57BDF7C720AB99E0004C154E /* drw_render.c in Sources */,
				577DD22520D3577800623919 /* drw_render_gl.c in Sources */,
				57A89EA2229DE0260019E933 /* drw_render_gl_barrier.c in Sources */,
				57BDF7C920AB99E0004C154E /* drw_primitives.c in Sources */,
				57BDF7C620AB99E0004C154E /* drw_wobject_ops.c in Sources */,
				5703DBE820ACBF98007E1800 /* drw_ext_gpc.c in Sources */,
			);
			runOnlyForDeploymentPostprocessing = 0;
		};
/* End PBXSourcesBuildPhase section */

/* Begin XCBuildConfiguration section */
		D13333041EA66418008284B1 /* Debug */ = {
			isa = XCBuildConfiguration;
			buildSettings = {
				ALWAYS_SEARCH_USER_PATHS = NO;
				CLANG_ANALYZER_LOCALIZABILITY_NONLOCALIZED = YES;
				CLANG_ANALYZER_NONNULL = YES;
				CLANG_CXX_LANGUAGE_STANDARD = "gnu++0x";
				CLANG_CXX_LIBRARY = "libc++";
				CLANG_ENABLE_MODULES = YES;
				CLANG_ENABLE_OBJC_ARC = YES;
				CLANG_WARN_BLOCK_CAPTURE_AUTORELEASING = YES;
				CLANG_WARN_BOOL_CONVERSION = YES;
				CLANG_WARN_COMMA = YES;
				CLANG_WARN_CONSTANT_CONVERSION = YES;
				CLANG_WARN_DEPRECATED_OBJC_IMPLEMENTATIONS = YES;
				CLANG_WARN_DIRECT_OBJC_ISA_USAGE = YES_ERROR;
				CLANG_WARN_DOCUMENTATION_COMMENTS = YES;
				CLANG_WARN_EMPTY_BODY = YES;
				CLANG_WARN_ENUM_CONVERSION = YES;
				CLANG_WARN_INFINITE_RECURSION = YES;
				CLANG_WARN_INT_CONVERSION = YES;
				CLANG_WARN_NON_LITERAL_NULL_CONVERSION = YES;
				CLANG_WARN_OBJC_IMPLICIT_RETAIN_SELF = YES;
				CLANG_WARN_OBJC_LITERAL_CONVERSION = YES;
				CLANG_WARN_OBJC_ROOT_CLASS = YES_ERROR;
				CLANG_WARN_RANGE_LOOP_ANALYSIS = YES;
				CLANG_WARN_STRICT_PROTOTYPES = YES;
				CLANG_WARN_SUSPICIOUS_MOVE = YES;
				CLANG_WARN_UNREACHABLE_CODE = YES;
				CLANG_WARN__DUPLICATE_METHOD_MATCH = YES;
				"CODE_SIGN_IDENTITY[sdk=iphoneos*]" = "iPhone Developer";
				COPY_PHASE_STRIP = NO;
				DEBUG_INFORMATION_FORMAT = dwarf;
				ENABLE_STRICT_OBJC_MSGSEND = YES;
				ENABLE_TESTABILITY = YES;
				GCC_C_LANGUAGE_STANDARD = gnu99;
				GCC_DYNAMIC_NO_PIC = NO;
				GCC_NO_COMMON_BLOCKS = YES;
				GCC_OPTIMIZATION_LEVEL = 0;
				GCC_PREPROCESSOR_DEFINITIONS = (
					"DEBUG=1",
					"$(inherited)",
				);
				GCC_WARN_64_TO_32_BIT_CONVERSION = YES;
				GCC_WARN_ABOUT_RETURN_TYPE = YES_ERROR;
				GCC_WARN_UNDECLARED_SELECTOR = YES;
				GCC_WARN_UNINITIALIZED_AUTOS = YES_AGGRESSIVE;
				GCC_WARN_UNUSED_FUNCTION = YES;
				GCC_WARN_UNUSED_VARIABLE = YES;
				IPHONEOS_DEPLOYMENT_TARGET = 10.2;
				MTL_ENABLE_DEBUG_INFO = YES;
				ONLY_ACTIVE_ARCH = YES;
				SDKROOT = iphoneos;
			};
			name = Debug;
		};
		D13333051EA66418008284B1 /* Release */ = {
			isa = XCBuildConfiguration;
			buildSettings = {
				ALWAYS_SEARCH_USER_PATHS = NO;
				CLANG_ANALYZER_LOCALIZABILITY_NONLOCALIZED = YES;
				CLANG_ANALYZER_NONNULL = YES;
				CLANG_CXX_LANGUAGE_STANDARD = "gnu++0x";
				CLANG_CXX_LIBRARY = "libc++";
				CLANG_ENABLE_MODULES = YES;
				CLANG_ENABLE_OBJC_ARC = YES;
				CLANG_WARN_BLOCK_CAPTURE_AUTORELEASING = YES;
				CLANG_WARN_BOOL_CONVERSION = YES;
				CLANG_WARN_COMMA = YES;
				CLANG_WARN_CONSTANT_CONVERSION = YES;
				CLANG_WARN_DEPRECATED_OBJC_IMPLEMENTATIONS = YES;
				CLANG_WARN_DIRECT_OBJC_ISA_USAGE = YES_ERROR;
				CLANG_WARN_DOCUMENTATION_COMMENTS = YES;
				CLANG_WARN_EMPTY_BODY = YES;
				CLANG_WARN_ENUM_CONVERSION = YES;
				CLANG_WARN_INFINITE_RECURSION = YES;
				CLANG_WARN_INT_CONVERSION = YES;
				CLANG_WARN_NON_LITERAL_NULL_CONVERSION = YES;
				CLANG_WARN_OBJC_IMPLICIT_RETAIN_SELF = YES;
				CLANG_WARN_OBJC_LITERAL_CONVERSION = YES;
				CLANG_WARN_OBJC_ROOT_CLASS = YES_ERROR;
				CLANG_WARN_RANGE_LOOP_ANALYSIS = YES;
				CLANG_WARN_STRICT_PROTOTYPES = YES;
				CLANG_WARN_SUSPICIOUS_MOVE = YES;
				CLANG_WARN_UNREACHABLE_CODE = YES;
				CLANG_WARN__DUPLICATE_METHOD_MATCH = YES;
				"CODE_SIGN_IDENTITY[sdk=iphoneos*]" = "iPhone Developer";
				COPY_PHASE_STRIP = NO;
				DEBUG_INFORMATION_FORMAT = "dwarf-with-dsym";
				ENABLE_NS_ASSERTIONS = NO;
				ENABLE_STRICT_OBJC_MSGSEND = YES;
				GCC_C_LANGUAGE_STANDARD = gnu99;
				GCC_NO_COMMON_BLOCKS = YES;
				GCC_WARN_64_TO_32_BIT_CONVERSION = YES;
				GCC_WARN_ABOUT_RETURN_TYPE = YES_ERROR;
				GCC_WARN_UNDECLARED_SELECTOR = YES;
				GCC_WARN_UNINITIALIZED_AUTOS = YES_AGGRESSIVE;
				GCC_WARN_UNUSED_FUNCTION = YES;
				GCC_WARN_UNUSED_VARIABLE = YES;
				IPHONEOS_DEPLOYMENT_TARGET = 10.2;
				MTL_ENABLE_DEBUG_INFO = NO;
				SDKROOT = iphoneos;
				VALIDATE_PRODUCT = YES;
			};
			name = Release;
		};
		D13333071EA66418008284B1 /* Debug */ = {
			isa = XCBuildConfiguration;
			buildSettings = {
				DEAD_CODE_STRIPPING = NO;
				DEVELOPMENT_TEAM = W7MSG2FEA9;
				HEADER_SEARCH_PATHS = (
					"$(r4_root)/contrib",
					"$(r4_root)/libs",
					"$(r4_root)/contrib/include",
					../../../contrib/deps,
					./../contrib/deps/libpng,
				);
				LIBRARY_SEARCH_PATHS = (
					../,
					../contrib/platform/ios/arm64,
					../contrib/platform/ios,
					../../../contrib/platform/ios/arm64,
					../../../contrib/platform/ios,
				);
				OTHER_LDFLAGS = "-ObjC";
				PRODUCT_NAME = "$(TARGET_NAME)";
				SKIP_INSTALL = YES;
				SYMROOT = ../../../build;
				r4_root = "$(HOME)/art/r4";
			};
			name = Debug;
		};
		D13333081EA66418008284B1 /* Release */ = {
			isa = XCBuildConfiguration;
			buildSettings = {
				DEAD_CODE_STRIPPING = NO;
				DEVELOPMENT_TEAM = W7MSG2FEA9;
				HEADER_SEARCH_PATHS = (
					"$(r4_root)/contrib",
					"$(r4_root)/libs",
					"$(r4_root)/contrib/include",
					../../../contrib/deps,
					./../contrib/deps/libpng,
				);
				LIBRARY_SEARCH_PATHS = (
					../,
					../contrib/platform/ios/arm64,
					../contrib/platform/ios,
					../../../contrib/platform/ios/arm64,
					../../../contrib/platform/ios,
				);
				OTHER_LDFLAGS = "-ObjC";
				PRODUCT_NAME = "$(TARGET_NAME)";
				SKIP_INSTALL = YES;
				SYMROOT = ../../../build;
				r4_root = "$(HOME)/art/r4";
			};
			name = Release;
		};
/* End XCBuildConfiguration section */

/* Begin XCConfigurationList section */
		D13332F81EA66418008284B1 /* Build configuration list for PBXProject "drw-ios" */ = {
			isa = XCConfigurationList;
			buildConfigurations = (
				D13333041EA66418008284B1 /* Debug */,
				D13333051EA66418008284B1 /* Release */,
			);
			defaultConfigurationIsVisible = 0;
			defaultConfigurationName = Release;
		};
		D13333061EA66418008284B1 /* Build configuration list for PBXNativeTarget "drw" */ = {
			isa = XCConfigurationList;
			buildConfigurations = (
				D13333071EA66418008284B1 /* Debug */,
				D13333081EA66418008284B1 /* Release */,
			);
			defaultConfigurationIsVisible = 0;
			defaultConfigurationName = Release;
		};
/* End XCConfigurationList section */
	};
	rootObject = D13332F51EA66418008284B1 /* Project object */;
}
