// !$*UTF8*$!
{
	archiveVersion = 1;
	classes = {
	};
	objectVersion = 46;
	objects = {

/* Begin PBXBuildFile section */
		5703D73D20ACBA55007E1800 /* drw_font_asteroids.c in Sources */ = {isa = PBXBuildFile; fileRef = 5703D73320ACBA55007E1800 /* drw_font_asteroids.c */; };
		5703D73E20ACBA55007E1800 /* drw_font_hpvec.c in Sources */ = {isa = PBXBuildFile; fileRef = 5703D73420ACBA55007E1800 /* drw_font_hpvec.c */; };
		5703D73F20ACBA55007E1800 /* drw_font_hershey.c in Sources */ = {isa = PBXBuildFile; fileRef = 5703D73620ACBA55007E1800 /* drw_font_hershey.c */; };
		5703D74020ACBA55007E1800 /* drw_font_ftgl.c in Sources */ = {isa = PBXBuildFile; fileRef = 5703D73720ACBA55007E1800 /* drw_font_ftgl.c */; };
		5703D74120ACBA55007E1800 /* drw_font_ftgles.cpp in Sources */ = {isa = PBXBuildFile; fileRef = 5703D73A20ACBA55007E1800 /* drw_font_ftgles.cpp */; };
		5703DBE820ACBF98007E1800 /* drw_ext_gpc.c in Sources */ = {isa = PBXBuildFile; fileRef = 5703DBE720ACBF98007E1800 /* drw_ext_gpc.c */; };
		575B4E9720C9E95E00E875FE /* OpenGLES.framework in Frameworks */ = {isa = PBXBuildFile; fileRef = 575B4E9620C9E95E00E875FE /* OpenGLES.framework */; };
		57BDF7C120AB99E0004C154E /* drw_point.c in Sources */ = {isa = PBXBuildFile; fileRef = 57BDF7B120AB99E0004C154E /* drw_point.c */; };
		57BDF7C620AB99E0004C154E /* drw_wobject_ops.c in Sources */ = {isa = PBXBuildFile; fileRef = 57BDF7B820AB99E0004C154E /* drw_wobject_ops.c */; };
		57BDF7C720AB99E0004C154E /* drw_render.c in Sources */ = {isa = PBXBuildFile; fileRef = 57BDF7B920AB99E0004C154E /* drw_render.c */; };
		57BDF7C920AB99E0004C154E /* drw_primitives.c in Sources */ = {isa = PBXBuildFile; fileRef = 57BDF7BE20AB99E0004C154E /* drw_primitives.c */; };
/* End PBXBuildFile section */

/* Begin PBXCopyFilesBuildPhase section */
		D13332FB1EA66418008284B1 /* CopyFiles */ = {
			isa = PBXCopyFilesBuildPhase;
			buildActionMask = 2147483647;
			dstPath = "include/$(PRODUCT_NAME)";
			dstSubfolderSpec = 16;
			files = (
			);
			runOnlyForDeploymentPostprocessing = 0;
		};
/* End PBXCopyFilesBuildPhase section */

/* Begin PBXFileReference section */
		5703D73320ACBA55007E1800 /* drw_font_asteroids.c */ = {isa = PBXFileReference; fileEncoding = 4; lastKnownFileType = sourcecode.c.c; path = drw_font_asteroids.c; sourceTree = "<group>"; };
		5703D73420ACBA55007E1800 /* drw_font_hpvec.c */ = {isa = PBXFileReference; fileEncoding = 4; lastKnownFileType = sourcecode.c.c; path = drw_font_hpvec.c; sourceTree = "<group>"; };
		5703D73520ACBA55007E1800 /* drw_font_ftgles.h */ = {isa = PBXFileReference; fileEncoding = 4; lastKnownFileType = sourcecode.c.h; path = drw_font_ftgles.h; sourceTree = "<group>"; };
		5703D73620ACBA55007E1800 /* drw_font_hershey.c */ = {isa = PBXFileReference; fileEncoding = 4; lastKnownFileType = sourcecode.c.c; path = drw_font_hershey.c; sourceTree = "<group>"; };
		5703D73720ACBA55007E1800 /* drw_font_ftgl.c */ = {isa = PBXFileReference; fileEncoding = 4; lastKnownFileType = sourcecode.c.c; path = drw_font_ftgl.c; sourceTree = "<group>"; };
		5703D73820ACBA55007E1800 /* drw_font_asteroids.h */ = {isa = PBXFileReference; fileEncoding = 4; lastKnownFileType = sourcecode.c.h; path = drw_font_asteroids.h; sourceTree = "<group>"; };
		5703D73920ACBA55007E1800 /* drw_font_hpvec.h */ = {isa = PBXFileReference; fileEncoding = 4; lastKnownFileType = sourcecode.c.h; path = drw_font_hpvec.h; sourceTree = "<group>"; };
		5703D73A20ACBA55007E1800 /* drw_font_ftgles.cpp */ = {isa = PBXFileReference; fileEncoding = 4; lastKnownFileType = sourcecode.cpp.cpp; path = drw_font_ftgles.cpp; sourceTree = "<group>"; };
		5703D73B20ACBA55007E1800 /* drw_font_ftgl.h */ = {isa = PBXFileReference; fileEncoding = 4; lastKnownFileType = sourcecode.c.h; path = drw_font_ftgl.h; sourceTree = "<group>"; };
		5703D73C20ACBA55007E1800 /* drw_font_hershey.h */ = {isa = PBXFileReference; fileEncoding = 4; lastKnownFileType = sourcecode.c.h; path = drw_font_hershey.h; sourceTree = "<group>"; };
		5703DBE620ACBF98007E1800 /* drw_ext_gpc.h */ = {isa = PBXFileReference; fileEncoding = 4; lastKnownFileType = sourcecode.c.h; path = drw_ext_gpc.h; sourceTree = "<group>"; };
		5703DBE720ACBF98007E1800 /* drw_ext_gpc.c */ = {isa = PBXFileReference; fileEncoding = 4; lastKnownFileType = sourcecode.c.c; path = drw_ext_gpc.c; sourceTree = "<group>"; };
		575B4E9220C9E69900E875FE /* drw_config.h */ = {isa = PBXFileReference; fileEncoding = 4; lastKnownFileType = sourcecode.c.h; path = drw_config.h; sourceTree = "<group>"; };
		575B4E9320C9E69900E875FE /* drw_dummy.h */ = {isa = PBXFileReference; fileEncoding = 4; lastKnownFileType = sourcecode.c.h; path = drw_dummy.h; sourceTree = "<group>"; };
		575B4E9420C9E69900E875FE /* drw_platform.h */ = {isa = PBXFileReference; fileEncoding = 4; lastKnownFileType = sourcecode.c.h; path = drw_platform.h; sourceTree = "<group>"; };
		575B4E9620C9E95E00E875FE /* OpenGLES.framework */ = {isa = PBXFileReference; lastKnownFileType = wrapper.framework; name = OpenGLES.framework; path = System/Library/Frameworks/OpenGLES.framework; sourceTree = SDKROOT; };
		57BDF7AF20AB99E0004C154E /* drw_render.h */ = {isa = PBXFileReference; fileEncoding = 4; lastKnownFileType = sourcecode.c.h; path = drw_render.h; sourceTree = "<group>"; };
		57BDF7B020AB99E0004C154E /* drw_wobject_ops.h */ = {isa = PBXFileReference; fileEncoding = 4; lastKnownFileType = sourcecode.c.h; path = drw_wobject_ops.h; sourceTree = "<group>"; };
		57BDF7B120AB99E0004C154E /* drw_point.c */ = {isa = PBXFileReference; fileEncoding = 4; lastKnownFileType = sourcecode.c.c; path = drw_point.c; sourceTree = "<group>"; };
		57BDF7B720AB99E0004C154E /* drw_primitives.h */ = {isa = PBXFileReference; fileEncoding = 4; lastKnownFileType = sourcecode.c.h; path = drw_primitives.h; sourceTree = "<group>"; };
		57BDF7B820AB99E0004C154E /* drw_wobject_ops.c */ = {isa = PBXFileReference; fileEncoding = 4; lastKnownFileType = sourcecode.c.c; path = drw_wobject_ops.c; sourceTree = "<group>"; };
		57BDF7B920AB99E0004C154E /* drw_render.c */ = {isa = PBXFileReference; fileEncoding = 4; lastKnownFileType = sourcecode.c.c; path = drw_render.c; sourceTree = "<group>"; };
		57BDF7BC20AB99E0004C154E /* drw_point.h */ = {isa = PBXFileReference; fileEncoding = 4; lastKnownFileType = sourcecode.c.h; path = drw_point.h; sourceTree = "<group>"; };
		57BDF7BE20AB99E0004C154E /* drw_primitives.c */ = {isa = PBXFileReference; fileEncoding = 4; lastKnownFileType = sourcecode.c.c; path = drw_primitives.c; sourceTree = "<group>"; };
		D13332FD1EA66418008284B1 /* libdrw.a */ = {isa = PBXFileReference; explicitFileType = archive.ar; includeInIndex = 0; path = libdrw.a; sourceTree = BUILT_PRODUCTS_DIR; };
/* End PBXFileReference section */

/* Begin PBXFrameworksBuildPhase section */
		D13332FA1EA66418008284B1 /* Frameworks */ = {
			isa = PBXFrameworksBuildPhase;
			buildActionMask = 2147483647;
			files = (
				575B4E9720C9E95E00E875FE /* OpenGLES.framework in Frameworks */,
			);
			runOnlyForDeploymentPostprocessing = 0;
		};
/* End PBXFrameworksBuildPhase section */

/* Begin PBXGroup section */
		5703D73220ACBA55007E1800 /* type */ = {
			isa = PBXGroup;
			children = (
				5703D73320ACBA55007E1800 /* drw_font_asteroids.c */,
				5703D73420ACBA55007E1800 /* drw_font_hpvec.c */,
				5703D73520ACBA55007E1800 /* drw_font_ftgles.h */,
				5703D73620ACBA55007E1800 /* drw_font_hershey.c */,
				5703D73720ACBA55007E1800 /* drw_font_ftgl.c */,
				5703D73820ACBA55007E1800 /* drw_font_asteroids.h */,
				5703D73920ACBA55007E1800 /* drw_font_hpvec.h */,
				5703D73A20ACBA55007E1800 /* drw_font_ftgles.cpp */,
				5703D73B20ACBA55007E1800 /* drw_font_ftgl.h */,
				5703D73C20ACBA55007E1800 /* drw_font_hershey.h */,
			);
			path = type;
			sourceTree = "<group>";
		};
		5703DBE520ACBF98007E1800 /* ext */ = {
			isa = PBXGroup;
			children = (
				5703DBE620ACBF98007E1800 /* drw_ext_gpc.h */,
				5703DBE720ACBF98007E1800 /* drw_ext_gpc.c */,
			);
			path = ext;
			sourceTree = "<group>";
		};
		575B4E9520C9E95D00E875FE /* Frameworks */ = {
			isa = PBXGroup;
			children = (
				575B4E9620C9E95E00E875FE /* OpenGLES.framework */,
			);
			name = Frameworks;
			sourceTree = "<group>";
		};
		57BDF7AE20AB99E0004C154E /* src */ = {
			isa = PBXGroup;
			children = (
				575B4E9220C9E69900E875FE /* drw_config.h */,
				575B4E9320C9E69900E875FE /* drw_dummy.h */,
				575B4E9420C9E69900E875FE /* drw_platform.h */,
				5703DBE520ACBF98007E1800 /* ext */,
				5703D73220ACBA55007E1800 /* type */,
				57BDF7AF20AB99E0004C154E /* drw_render.h */,
				57BDF7B020AB99E0004C154E /* drw_wobject_ops.h */,
				57BDF7B120AB99E0004C154E /* drw_point.c */,
				57BDF7B720AB99E0004C154E /* drw_primitives.h */,
				57BDF7B820AB99E0004C154E /* drw_wobject_ops.c */,
				57BDF7B920AB99E0004C154E /* drw_render.c */,
				57BDF7BC20AB99E0004C154E /* drw_point.h */,
				57BDF7BE20AB99E0004C154E /* drw_primitives.c */,
			);
			name = src;
			path = ../src;
			sourceTree = "<group>";
		};
		D13332F41EA66418008284B1 = {
			isa = PBXGroup;
			children = (
				57BDF7AE20AB99E0004C154E /* src */,
				D13332FE1EA66418008284B1 /* Products */,
				575B4E9520C9E95D00E875FE /* Frameworks */,
			);
			sourceTree = "<group>";
		};
		D13332FE1EA66418008284B1 /* Products */ = {
			isa = PBXGroup;
			children = (
				D13332FD1EA66418008284B1 /* libdrw.a */,
			);
			name = Products;
			sourceTree = "<group>";
		};
/* End PBXGroup section */

/* Begin PBXNativeTarget section */
		D13332FC1EA66418008284B1 /* drw */ = {
			isa = PBXNativeTarget;
			buildConfigurationList = D13333061EA66418008284B1 /* Build configuration list for PBXNativeTarget "drw" */;
			buildPhases = (
				D13332F91EA66418008284B1 /* Sources */,
				D13332FA1EA66418008284B1 /* Frameworks */,
				D13332FB1EA66418008284B1 /* CopyFiles */,
			);
			buildRules = (
			);
			dependencies = (
			);
			name = drw;
			productName = drw;
			productReference = D13332FD1EA66418008284B1 /* libdrw.a */;
			productType = "com.apple.product-type.library.static";
		};
/* End PBXNativeTarget section */

/* Begin PBXProject section */
		D13332F51EA66418008284B1 /* Project object */ = {
			isa = PBXProject;
			attributes = {
				LastUpgradeCheck = 0930;
				ORGANIZATIONNAME = ruminant;
				TargetAttributes = {
					D13332FC1EA66418008284B1 = {
						CreatedOnToolsVersion = 8.2.1;
						DevelopmentTeam = 42R5XUY266;
						ProvisioningStyle = Automatic;
					};
				};
			};
			buildConfigurationList = D13332F81EA66418008284B1 /* Build configuration list for PBXProject "drw-ios" */;
			compatibilityVersion = "Xcode 3.2";
			developmentRegion = English;
			hasScannedForEncodings = 0;
			knownRegions = (
				en,
			);
			mainGroup = D13332F41EA66418008284B1;
			productRefGroup = D13332FE1EA66418008284B1 /* Products */;
			projectDirPath = "";
			projectRoot = "";
			targets = (
				D13332FC1EA66418008284B1 /* drw */,
			);
		};
/* End PBXProject section */

/* Begin PBXSourcesBuildPhase section */
		D13332F91EA66418008284B1 /* Sources */ = {
			isa = PBXSourcesBuildPhase;
			buildActionMask = 2147483647;
			files = (
				57BDF7C120AB99E0004C154E /* drw_point.c in Sources */,
				5703D73D20ACBA55007E1800 /* drw_font_asteroids.c in Sources */,
				5703D74120ACBA55007E1800 /* drw_font_ftgles.cpp in Sources */,
				57BDF7C720AB99E0004C154E /* drw_render.c in Sources */,
				5703D73E20ACBA55007E1800 /* drw_font_hpvec.c in Sources */,
				57BDF7C920AB99E0004C154E /* drw_primitives.c in Sources */,
				5703D73F20ACBA55007E1800 /* drw_font_hershey.c in Sources */,
				57BDF7C620AB99E0004C154E /* drw_wobject_ops.c in Sources */,
				5703DBE820ACBF98007E1800 /* drw_ext_gpc.c in Sources */,
				5703D74020ACBA55007E1800 /* drw_font_ftgl.c in Sources */,
			);
			runOnlyForDeploymentPostprocessing = 0;
		};
/* End PBXSourcesBuildPhase section */

/* Begin XCBuildConfiguration section */
		D13333041EA66418008284B1 /* Debug */ = {
			isa = XCBuildConfiguration;
			buildSettings = {
				ALWAYS_SEARCH_USER_PATHS = NO;
				CLANG_ANALYZER_NONNULL = YES;
				CLANG_CXX_LANGUAGE_STANDARD = "gnu++0x";
				CLANG_CXX_LIBRARY = "libc++";
				CLANG_ENABLE_MODULES = YES;
				CLANG_ENABLE_OBJC_ARC = YES;
				CLANG_WARN_BLOCK_CAPTURE_AUTORELEASING = YES;
				CLANG_WARN_BOOL_CONVERSION = YES;
				CLANG_WARN_COMMA = YES;
				CLANG_WARN_CONSTANT_CONVERSION = YES;
				CLANG_WARN_DEPRECATED_OBJC_IMPLEMENTATIONS = YES;
				CLANG_WARN_DIRECT_OBJC_ISA_USAGE = YES_ERROR;
				CLANG_WARN_DOCUMENTATION_COMMENTS = YES;
				CLANG_WARN_EMPTY_BODY = YES;
				CLANG_WARN_ENUM_CONVERSION = YES;
				CLANG_WARN_INFINITE_RECURSION = YES;
				CLANG_WARN_INT_CONVERSION = YES;
				CLANG_WARN_NON_LITERAL_NULL_CONVERSION = YES;
				CLANG_WARN_OBJC_IMPLICIT_RETAIN_SELF = YES;
				CLANG_WARN_OBJC_LITERAL_CONVERSION = YES;
				CLANG_WARN_OBJC_ROOT_CLASS = YES_ERROR;
				CLANG_WARN_RANGE_LOOP_ANALYSIS = YES;
				CLANG_WARN_STRICT_PROTOTYPES = YES;
				CLANG_WARN_SUSPICIOUS_MOVE = YES;
				CLANG_WARN_UNREACHABLE_CODE = YES;
				CLANG_WARN__DUPLICATE_METHOD_MATCH = YES;
				"CODE_SIGN_IDENTITY[sdk=iphoneos*]" = "iPhone Developer";
				COPY_PHASE_STRIP = NO;
				DEBUG_INFORMATION_FORMAT = dwarf;
				ENABLE_STRICT_OBJC_MSGSEND = YES;
				ENABLE_TESTABILITY = YES;
				GCC_C_LANGUAGE_STANDARD = gnu99;
				GCC_DYNAMIC_NO_PIC = NO;
				GCC_NO_COMMON_BLOCKS = YES;
				GCC_OPTIMIZATION_LEVEL = 0;
				GCC_PREPROCESSOR_DEFINITIONS = (
					"DEBUG=1",
					"$(inherited)",
				);
				GCC_WARN_64_TO_32_BIT_CONVERSION = YES;
				GCC_WARN_ABOUT_RETURN_TYPE = YES_ERROR;
				GCC_WARN_UNDECLARED_SELECTOR = YES;
				GCC_WARN_UNINITIALIZED_AUTOS = YES_AGGRESSIVE;
				GCC_WARN_UNUSED_FUNCTION = YES;
				GCC_WARN_UNUSED_VARIABLE = YES;
				IPHONEOS_DEPLOYMENT_TARGET = 10.2;
				MTL_ENABLE_DEBUG_INFO = YES;
				ONLY_ACTIVE_ARCH = YES;
				SDKROOT = iphoneos;
			};
			name = Debug;
		};
		D13333051EA66418008284B1 /* Release */ = {
			isa = XCBuildConfiguration;
			buildSettings = {
				ALWAYS_SEARCH_USER_PATHS = NO;
				CLANG_ANALYZER_NONNULL = YES;
				CLANG_CXX_LANGUAGE_STANDARD = "gnu++0x";
				CLANG_CXX_LIBRARY = "libc++";
				CLANG_ENABLE_MODULES = YES;
				CLANG_ENABLE_OBJC_ARC = YES;
				CLANG_WARN_BLOCK_CAPTURE_AUTORELEASING = YES;
				CLANG_WARN_BOOL_CONVERSION = YES;
				CLANG_WARN_COMMA = YES;
				CLANG_WARN_CONSTANT_CONVERSION = YES;
				CLANG_WARN_DEPRECATED_OBJC_IMPLEMENTATIONS = YES;
				CLANG_WARN_DIRECT_OBJC_ISA_USAGE = YES_ERROR;
				CLANG_WARN_DOCUMENTATION_COMMENTS = YES;
				CLANG_WARN_EMPTY_BODY = YES;
				CLANG_WARN_ENUM_CONVERSION = YES;
				CLANG_WARN_INFINITE_RECURSION = YES;
				CLANG_WARN_INT_CONVERSION = YES;
				CLANG_WARN_NON_LITERAL_NULL_CONVERSION = YES;
				CLANG_WARN_OBJC_IMPLICIT_RETAIN_SELF = YES;
				CLANG_WARN_OBJC_LITERAL_CONVERSION = YES;
				CLANG_WARN_OBJC_ROOT_CLASS = YES_ERROR;
				CLANG_WARN_RANGE_LOOP_ANALYSIS = YES;
				CLANG_WARN_STRICT_PROTOTYPES = YES;
				CLANG_WARN_SUSPICIOUS_MOVE = YES;
				CLANG_WARN_UNREACHABLE_CODE = YES;
				CLANG_WARN__DUPLICATE_METHOD_MATCH = YES;
				"CODE_SIGN_IDENTITY[sdk=iphoneos*]" = "iPhone Developer";
				COPY_PHASE_STRIP = NO;
				DEBUG_INFORMATION_FORMAT = "dwarf-with-dsym";
				ENABLE_NS_ASSERTIONS = NO;
				ENABLE_STRICT_OBJC_MSGSEND = YES;
				GCC_C_LANGUAGE_STANDARD = gnu99;
				GCC_NO_COMMON_BLOCKS = YES;
				GCC_WARN_64_TO_32_BIT_CONVERSION = YES;
				GCC_WARN_ABOUT_RETURN_TYPE = YES_ERROR;
				GCC_WARN_UNDECLARED_SELECTOR = YES;
				GCC_WARN_UNINITIALIZED_AUTOS = YES_AGGRESSIVE;
				GCC_WARN_UNUSED_FUNCTION = YES;
				GCC_WARN_UNUSED_VARIABLE = YES;
				IPHONEOS_DEPLOYMENT_TARGET = 10.2;
				MTL_ENABLE_DEBUG_INFO = NO;
				SDKROOT = iphoneos;
				VALIDATE_PRODUCT = YES;
			};
			name = Release;
		};
		D13333071EA66418008284B1 /* Debug */ = {
			isa = XCBuildConfiguration;
			buildSettings = {
				DEVELOPMENT_TEAM = 42R5XUY266;
				HEADER_SEARCH_PATHS = (
					"$(r4_root)/contrib",
					"$(r4_root)/libs",
					"$(r4_root)/contrib/include",
					../../../contrib/deps,
				);
				OTHER_LDFLAGS = "-ObjC";
				PRODUCT_NAME = "$(TARGET_NAME)";
				SKIP_INSTALL = YES;
				SYMROOT = ../../../build;
				r4_root = "$(HOME)/art/r4";
			};
			name = Debug;
		};
		D13333081EA66418008284B1 /* Release */ = {
			isa = XCBuildConfiguration;
			buildSettings = {
				DEVELOPMENT_TEAM = 42R5XUY266;
				HEADER_SEARCH_PATHS = (
					"$(r4_root)/contrib",
					"$(r4_root)/libs",
					"$(r4_root)/contrib/include",
					../../../contrib/deps,
				);
				OTHER_LDFLAGS = "-ObjC";
				PRODUCT_NAME = "$(TARGET_NAME)";
				SKIP_INSTALL = YES;
				SYMROOT = ../../../build;
				r4_root = "$(HOME)/art/r4";
			};
			name = Release;
		};
/* End XCBuildConfiguration section */

/* Begin XCConfigurationList section */
		D13332F81EA66418008284B1 /* Build configuration list for PBXProject "drw-ios" */ = {
			isa = XCConfigurationList;
			buildConfigurations = (
				D13333041EA66418008284B1 /* Debug */,
				D13333051EA66418008284B1 /* Release */,
			);
			defaultConfigurationIsVisible = 0;
			defaultConfigurationName = Release;
		};
		D13333061EA66418008284B1 /* Build configuration list for PBXNativeTarget "drw" */ = {
			isa = XCConfigurationList;
			buildConfigurations = (
				D13333071EA66418008284B1 /* Debug */,
				D13333081EA66418008284B1 /* Release */,
			);
			defaultConfigurationIsVisible = 0;
			defaultConfigurationName = Release;
		};
/* End XCConfigurationList section */
	};
	rootObject = D13332F51EA66418008284B1 /* Project object */;
}
